// !$*UTF8*$!
{
	archiveVersion = 1;
	classes = {
	};
	objectVersion = 46;
	objects = {

/* Begin PBXBuildFile section */
		81389E301CEEDDF7002BE16F /* AppDelegate.swift in Sources */ = {isa = PBXBuildFile; fileRef = 81389E2F1CEEDDF7002BE16F /* AppDelegate.swift */; };
		81389E321CEEDDF7002BE16F /* ViewController.swift in Sources */ = {isa = PBXBuildFile; fileRef = 81389E311CEEDDF7002BE16F /* ViewController.swift */; };
		81389E351CEEDDF7002BE16F /* Main.storyboard in Resources */ = {isa = PBXBuildFile; fileRef = 81389E331CEEDDF7002BE16F /* Main.storyboard */; };
		81389E371CEEDDF7002BE16F /* Assets.xcassets in Resources */ = {isa = PBXBuildFile; fileRef = 81389E361CEEDDF7002BE16F /* Assets.xcassets */; };
		81389E3A1CEEDDF7002BE16F /* LaunchScreen.storyboard in Resources */ = {isa = PBXBuildFile; fileRef = 81389E381CEEDDF7002BE16F /* LaunchScreen.storyboard */; };
/* End PBXBuildFile section */

/* Begin PBXFileReference section */
		81389E2C1CEEDDF7002BE16F /* ExUITableView.app */ = {isa = PBXFileReference; explicitFileType = wrapper.application; includeInIndex = 0; path = ExUITableView.app; sourceTree = BUILT_PRODUCTS_DIR; };
		81389E2F1CEEDDF7002BE16F /* AppDelegate.swift */ = {isa = PBXFileReference; lastKnownFileType = sourcecode.swift; path = AppDelegate.swift; sourceTree = "<group>"; };
		81389E311CEEDDF7002BE16F /* ViewController.swift */ = {isa = PBXFileReference; lastKnownFileType = sourcecode.swift; path = ViewController.swift; sourceTree = "<group>"; };
		81389E341CEEDDF7002BE16F /* Base */ = {isa = PBXFileReference; lastKnownFileType = file.storyboard; name = Base; path = Base.lproj/Main.storyboard; sourceTree = "<group>"; };
		81389E361CEEDDF7002BE16F /* Assets.xcassets */ = {isa = PBXFileReference; lastKnownFileType = folder.assetcatalog; path = Assets.xcassets; sourceTree = "<group>"; };
		81389E391CEEDDF7002BE16F /* Base */ = {isa = PBXFileReference; lastKnownFileType = file.storyboard; name = Base; path = Base.lproj/LaunchScreen.storyboard; sourceTree = "<group>"; };
		81389E3B1CEEDDF7002BE16F /* Info.plist */ = {isa = PBXFileReference; lastKnownFileType = text.plist.xml; path = Info.plist; sourceTree = "<group>"; };
/* End PBXFileReference section */

/* Begin PBXFrameworksBuildPhase section */
		81389E291CEEDDF7002BE16F /* Frameworks */ = {
			isa = PBXFrameworksBuildPhase;
			buildActionMask = 2147483647;
			files = (
			);
			runOnlyForDeploymentPostprocessing = 0;
		};
/* End PBXFrameworksBuildPhase section */

/* Begin PBXGroup section */
		81389E231CEEDDF7002BE16F = {
			isa = PBXGroup;
			children = (
				81389E2E1CEEDDF7002BE16F /* ExUITableView */,
				81389E2D1CEEDDF7002BE16F /* Products */,
			);
			sourceTree = "<group>";
		};
		81389E2D1CEEDDF7002BE16F /* Products */ = {
			isa = PBXGroup;
			children = (
				81389E2C1CEEDDF7002BE16F /* ExUITableView.app */,
			);
			name = Products;
			sourceTree = "<group>";
		};
		81389E2E1CEEDDF7002BE16F /* ExUITableView */ = {
			isa = PBXGroup;
			children = (
				81389E2F1CEEDDF7002BE16F /* AppDelegate.swift */,
				81389E311CEEDDF7002BE16F /* ViewController.swift */,
				81389E331CEEDDF7002BE16F /* Main.storyboard */,
				81389E361CEEDDF7002BE16F /* Assets.xcassets */,
				81389E381CEEDDF7002BE16F /* LaunchScreen.storyboard */,
				81389E3B1CEEDDF7002BE16F /* Info.plist */,
			);
			path = ExUITableView;
			sourceTree = "<group>";
		};
/* End PBXGroup section */

/* Begin PBXNativeTarget section */
		81389E2B1CEEDDF7002BE16F /* ExUITableView */ = {
			isa = PBXNativeTarget;
			buildConfigurationList = 81389E3E1CEEDDF7002BE16F /* Build configuration list for PBXNativeTarget "ExUITableView" */;
			buildPhases = (
				81389E281CEEDDF7002BE16F /* Sources */,
				81389E291CEEDDF7002BE16F /* Frameworks */,
				81389E2A1CEEDDF7002BE16F /* Resources */,
			);
			buildRules = (
			);
			dependencies = (
			);
			name = ExUITableView;
			productName = ExUITableView;
			productReference = 81389E2C1CEEDDF7002BE16F /* ExUITableView.app */;
			productType = "com.apple.product-type.application";
		};
/* End PBXNativeTarget section */

/* Begin PBXProject section */
		81389E241CEEDDF7002BE16F /* Project object */ = {
			isa = PBXProject;
			attributes = {
				LastSwiftUpdateCheck = 0730;
				LastUpgradeCheck = 1130;
				ORGANIZATIONNAME = hsin;
				TargetAttributes = {
					81389E2B1CEEDDF7002BE16F = {
						CreatedOnToolsVersion = 7.3.1;
						DevelopmentTeam = 42G68NKSB6;
						LastSwiftMigration = 1130;
					};
				};
			};
			buildConfigurationList = 81389E271CEEDDF7002BE16F /* Build configuration list for PBXProject "ExUITableView" */;
			compatibilityVersion = "Xcode 3.2";
			developmentRegion = en;
			hasScannedForEncodings = 0;
			knownRegions = (
				en,
				Base,
			);
			mainGroup = 81389E231CEEDDF7002BE16F;
			productRefGroup = 81389E2D1CEEDDF7002BE16F /* Products */;
			projectDirPath = "";
			projectRoot = "";
			targets = (
				81389E2B1CEEDDF7002BE16F /* ExUITableView */,
			);
		};
/* End PBXProject section */

/* Begin PBXResourcesBuildPhase section */
		81389E2A1CEEDDF7002BE16F /* Resources */ = {
			isa = PBXResourcesBuildPhase;
			buildActionMask = 2147483647;
			files = (
				81389E3A1CEEDDF7002BE16F /* LaunchScreen.storyboard in Resources */,
				81389E371CEEDDF7002BE16F /* Assets.xcassets in Resources */,
				81389E351CEEDDF7002BE16F /* Main.storyboard in Resources */,
			);
			runOnlyForDeploymentPostprocessing = 0;
		};
/* End PBXResourcesBuildPhase section */

/* Begin PBXSourcesBuildPhase section */
		81389E281CEEDDF7002BE16F /* Sources */ = {
			isa = PBXSourcesBuildPhase;
			buildActionMask = 2147483647;
			files = (
				81389E321CEEDDF7002BE16F /* ViewController.swift in Sources */,
				81389E301CEEDDF7002BE16F /* AppDelegate.swift in Sources */,
			);
			runOnlyForDeploymentPostprocessing = 0;
		};
/* End PBXSourcesBuildPhase section */

/* Begin PBXVariantGroup section */
		81389E331CEEDDF7002BE16F /* Main.storyboard */ = {
			isa = PBXVariantGroup;
			children = (
				81389E341CEEDDF7002BE16F /* Base */,
			);
			name = Main.storyboard;
			sourceTree = "<group>";
		};
		81389E381CEEDDF7002BE16F /* LaunchScreen.storyboard */ = {
			isa = PBXVariantGroup;
			children = (
				81389E391CEEDDF7002BE16F /* Base */,
			);
			name = LaunchScreen.storyboard;
			sourceTree = "<group>";
		};
/* End PBXVariantGroup section */

/* Begin XCBuildConfiguration section */
		81389E3C1CEEDDF7002BE16F /* Debug */ = {
			isa = XCBuildConfiguration;
			buildSettings = {
				ALWAYS_SEARCH_USER_PATHS = NO;
				CLANG_ANALYZER_LOCALIZABILITY_NONLOCALIZED = YES;
				CLANG_ANALYZER_NONNULL = YES;
				CLANG_CXX_LANGUAGE_STANDARD = "gnu++0x";
				CLANG_CXX_LIBRARY = "libc++";
				CLANG_ENABLE_MODULES = YES;
				CLANG_ENABLE_OBJC_ARC = YES;
				CLANG_WARN_BLOCK_CAPTURE_AUTORELEASING = YES;
				CLANG_WARN_BOOL_CONVERSION = YES;
				CLANG_WARN_COMMA = YES;
				CLANG_WARN_CONSTANT_CONVERSION = YES;
				CLANG_WARN_DEPRECATED_OBJC_IMPLEMENTATIONS = YES;
				CLANG_WARN_DIRECT_OBJC_ISA_USAGE = YES_ERROR;
				CLANG_WARN_EMPTY_BODY = YES;
				CLANG_WARN_ENUM_CONVERSION = YES;
				CLANG_WARN_INFINITE_RECURSION = YES;
				CLANG_WARN_INT_CONVERSION = YES;
				CLANG_WARN_NON_LITERAL_NULL_CONVERSION = YES;
				CLANG_WARN_OBJC_IMPLICIT_RETAIN_SELF = YES;
				CLANG_WARN_OBJC_LITERAL_CONVERSION = YES;
				CLANG_WARN_OBJC_ROOT_CLASS = YES_ERROR;
				CLANG_WARN_RANGE_LOOP_ANALYSIS = YES;
				CLANG_WARN_STRICT_PROTOTYPES = YES;
				CLANG_WARN_SUSPICIOUS_MOVE = YES;
				CLANG_WARN_UNREACHABLE_CODE = YES;
				CLANG_WARN__DUPLICATE_METHOD_MATCH = YES;
				"CODE_SIGN_IDENTITY[sdk=iphoneos*]" = "iPhone Developer";
				COPY_PHASE_STRIP = NO;
				DEBUG_INFORMATION_FORMAT = dwarf;
				ENABLE_STRICT_OBJC_MSGSEND = YES;
				ENABLE_TESTABILITY = YES;
				GCC_C_LANGUAGE_STANDARD = gnu99;
				GCC_DYNAMIC_NO_PIC = NO;
				GCC_NO_COMMON_BLOCKS = YES;
				GCC_OPTIMIZATION_LEVEL = 0;
				GCC_PREPROCESSOR_DEFINITIONS = (
					"DEBUG=1",
					"$(inherited)",
				);
				GCC_WARN_64_TO_32_BIT_CONVERSION = YES;
				GCC_WARN_ABOUT_RETURN_TYPE = YES_ERROR;
				GCC_WARN_UNDECLARED_SELECTOR = YES;
				GCC_WARN_UNINITIALIZED_AUTOS = YES_AGGRESSIVE;
				GCC_WARN_UNUSED_FUNCTION = YES;
				GCC_WARN_UNUSED_VARIABLE = YES;
				IPHONEOS_DEPLOYMENT_TARGET = 9.3;
				MTL_ENABLE_DEBUG_INFO = YES;
				ONLY_ACTIVE_ARCH = YES;
				SDKROOT = iphoneos;
				SWIFT_OPTIMIZATION_LEVEL = "-Onone";
			};
			name = Debug;
		};
		81389E3D1CEEDDF7002BE16F /* Release */ = {
			isa = XCBuildConfiguration;
			buildSettings = {
				ALWAYS_SEARCH_USER_PATHS = NO;
				CLANG_ANALYZER_LOCALIZABILITY_NONLOCALIZED = YES;
				CLANG_ANALYZER_NONNULL = YES;
				CLANG_CXX_LANGUAGE_STANDARD = "gnu++0x";
				CLANG_CXX_LIBRARY = "libc++";
				CLANG_ENABLE_MODULES = YES;
				CLANG_ENABLE_OBJC_ARC = YES;
				CLANG_WARN_BLOCK_CAPTURE_AUTORELEASING = YES;
				CLANG_WARN_BOOL_CONVERSION = YES;
				CLANG_WARN_COMMA = YES;
				CLANG_WARN_CONSTANT_CONVERSION = YES;
				CLANG_WARN_DEPRECATED_OBJC_IMPLEMENTATIONS = YES;
				CLANG_WARN_DIRECT_OBJC_ISA_USAGE = YES_ERROR;
				CLANG_WARN_EMPTY_BODY = YES;
				CLANG_WARN_ENUM_CONVERSION = YES;
				CLANG_WARN_INFINITE_RECURSION = YES;
				CLANG_WARN_INT_CONVERSION = YES;
				CLANG_WARN_NON_LITERAL_NULL_CONVERSION = YES;
				CLANG_WARN_OBJC_IMPLICIT_RETAIN_SELF = YES;
				CLANG_WARN_OBJC_LITERAL_CONVERSION = YES;
				CLANG_WARN_OBJC_ROOT_CLASS = YES_ERROR;
				CLANG_WARN_RANGE_LOOP_ANALYSIS = YES;
				CLANG_WARN_STRICT_PROTOTYPES = YES;
				CLANG_WARN_SUSPICIOUS_MOVE = YES;
				CLANG_WARN_UNREACHABLE_CODE = YES;
				CLANG_WARN__DUPLICATE_METHOD_MATCH = YES;
				"CODE_SIGN_IDENTITY[sdk=iphoneos*]" = "iPhone Developer";
				COPY_PHASE_STRIP = NO;
				DEBUG_INFORMATION_FORMAT = "dwarf-with-dsym";
				ENABLE_NS_ASSERTIONS = NO;
				ENABLE_STRICT_OBJC_MSGSEND = YES;
				GCC_C_LANGUAGE_STANDARD = gnu99;
				GCC_NO_COMMON_BLOCKS = YES;
				GCC_WARN_64_TO_32_BIT_CONVERSION = YES;
				GCC_WARN_ABOUT_RETURN_TYPE = YES_ERROR;
				GCC_WARN_UNDECLARED_SELECTOR = YES;
				GCC_WARN_UNINITIALIZED_AUTOS = YES_AGGRESSIVE;
				GCC_WARN_UNUSED_FUNCTION = YES;
				GCC_WARN_UNUSED_VARIABLE = YES;
				IPHONEOS_DEPLOYMENT_TARGET = 9.3;
				MTL_ENABLE_DEBUG_INFO = NO;
				SDKROOT = iphoneos;
				SWIFT_OPTIMIZATION_LEVEL = "-Owholemodule";
				VALIDATE_PRODUCT = YES;
			};
			name = Release;
		};
		81389E3F1CEEDDF7002BE16F /* Debug */ = {
			isa = XCBuildConfiguration;
			buildSettings = {
				ASSETCATALOG_COMPILER_APPICON_NAME = AppIcon;
				DEVELOPMENT_TEAM = 42G68NKSB6;
				INFOPLIST_FILE = ExUITableView/Info.plist;
				LD_RUNPATH_SEARCH_PATHS = "$(inherited) @executable_path/Frameworks";
				PRODUCT_BUNDLE_IDENTIFIER = tw.hsin.ExUITableView;
				PRODUCT_NAME = "$(TARGET_NAME)";
				SWIFT_SWIFT3_OBJC_INFERENCE = Default;
				SWIFT_VERSION = 5.0;
			};
			name = Debug;
		};
		81389E401CEEDDF7002BE16F /* Release */ = {
			isa = XCBuildConfiguration;
			buildSettings = {
				ASSETCATALOG_COMPILER_APPICON_NAME = AppIcon;
				DEVELOPMENT_TEAM = 42G68NKSB6;
				INFOPLIST_FILE = ExUITableView/Info.plist;
				LD_RUNPATH_SEARCH_PATHS = "$(inherited) @executable_path/Frameworks";
				PRODUCT_BUNDLE_IDENTIFIER = tw.hsin.ExUITableView;
				PRODUCT_NAME = "$(TARGET_NAME)";
				SWIFT_SWIFT3_OBJC_INFERENCE = Default;
				SWIFT_VERSION = 5.0;
			};
			name = Release;
		};
/* End XCBuildConfiguration section */

/* Begin XCConfigurationList section */
		81389E271CEEDDF7002BE16F /* Build configuration list for PBXProject "ExUITableView" */ = {
			isa = XCConfigurationList;
			buildConfigurations = (
				81389E3C1CEEDDF7002BE16F /* Debug */,
				81389E3D1CEEDDF7002BE16F /* Release */,
			);
			defaultConfigurationIsVisible = 0;
			defaultConfigurationName = Release;
		};
		81389E3E1CEEDDF7002BE16F /* Build configuration list for PBXNativeTarget "ExUITableView" */ = {
			isa = XCConfigurationList;
			buildConfigurations = (
				81389E3F1CEEDDF7002BE16F /* Debug */,
				81389E401CEEDDF7002BE16F /* Release */,
			);
			defaultConfigurationIsVisible = 0;
			defaultConfigurationName = Release;
		};
/* End XCConfigurationList section */
	};
	rootObject = 81389E241CEEDDF7002BE16F /* Project object */;
}
