// !$*UTF8*$!
{
	archiveVersion = 1;
	classes = {
	};
	objectVersion = 50;
	objects = {

/* Begin PBXBuildFile section */
		817DBA1321904311001EB948 /* AppDelegate.swift in Sources */ = {isa = PBXBuildFile; fileRef = 817DBA1221904311001EB948 /* AppDelegate.swift */; };
		817DBA1521904311001EB948 /* ViewController.swift in Sources */ = {isa = PBXBuildFile; fileRef = 817DBA1421904311001EB948 /* ViewController.swift */; };
		817DBA1821904311001EB948 /* Main.storyboard in Resources */ = {isa = PBXBuildFile; fileRef = 817DBA1621904311001EB948 /* Main.storyboard */; };
		817DBA1B21904311001EB948 /* ExCoreData.xcdatamodeld in Sources */ = {isa = PBXBuildFile; fileRef = 817DBA1921904311001EB948 /* ExCoreData.xcdatamodeld */; };
		817DBA1D21904312001EB948 /* Assets.xcassets in Resources */ = {isa = PBXBuildFile; fileRef = 817DBA1C21904312001EB948 /* Assets.xcassets */; };
		817DBA2021904312001EB948 /* LaunchScreen.storyboard in Resources */ = {isa = PBXBuildFile; fileRef = 817DBA1E21904312001EB948 /* LaunchScreen.storyboard */; };
		817DBA2821904725001EB948 /* CoreDataConnect.swift in Sources */ = {isa = PBXBuildFile; fileRef = 817DBA2721904725001EB948 /* CoreDataConnect.swift */; };
/* End PBXBuildFile section */

/* Begin PBXFileReference section */
		817DBA0F21904311001EB948 /* ExCoreData.app */ = {isa = PBXFileReference; explicitFileType = wrapper.application; includeInIndex = 0; path = ExCoreData.app; sourceTree = BUILT_PRODUCTS_DIR; };
		817DBA1221904311001EB948 /* AppDelegate.swift */ = {isa = PBXFileReference; lastKnownFileType = sourcecode.swift; path = AppDelegate.swift; sourceTree = "<group>"; };
		817DBA1421904311001EB948 /* ViewController.swift */ = {isa = PBXFileReference; lastKnownFileType = sourcecode.swift; path = ViewController.swift; sourceTree = "<group>"; };
		817DBA1721904311001EB948 /* Base */ = {isa = PBXFileReference; lastKnownFileType = file.storyboard; name = Base; path = Base.lproj/Main.storyboard; sourceTree = "<group>"; };
		817DBA1A21904311001EB948 /* ExCoreData.xcdatamodel */ = {isa = PBXFileReference; lastKnownFileType = wrapper.xcdatamodel; path = ExCoreData.xcdatamodel; sourceTree = "<group>"; };
		817DBA1C21904312001EB948 /* Assets.xcassets */ = {isa = PBXFileReference; lastKnownFileType = folder.assetcatalog; path = Assets.xcassets; sourceTree = "<group>"; };
		817DBA1F21904312001EB948 /* Base */ = {isa = PBXFileReference; lastKnownFileType = file.storyboard; name = Base; path = Base.lproj/LaunchScreen.storyboard; sourceTree = "<group>"; };
		817DBA2121904312001EB948 /* Info.plist */ = {isa = PBXFileReference; lastKnownFileType = text.plist.xml; path = Info.plist; sourceTree = "<group>"; };
		817DBA2721904725001EB948 /* CoreDataConnect.swift */ = {isa = PBXFileReference; lastKnownFileType = sourcecode.swift; path = CoreDataConnect.swift; sourceTree = "<group>"; };
/* End PBXFileReference section */

/* Begin PBXFrameworksBuildPhase section */
		817DBA0C21904311001EB948 /* Frameworks */ = {
			isa = PBXFrameworksBuildPhase;
			buildActionMask = 2147483647;
			files = (
			);
			runOnlyForDeploymentPostprocessing = 0;
		};
/* End PBXFrameworksBuildPhase section */

/* Begin PBXGroup section */
		817DBA0621904310001EB948 = {
			isa = PBXGroup;
			children = (
				817DBA1121904311001EB948 /* ExCoreData */,
				817DBA1021904311001EB948 /* Products */,
			);
			sourceTree = "<group>";
		};
		817DBA1021904311001EB948 /* Products */ = {
			isa = PBXGroup;
			children = (
				817DBA0F21904311001EB948 /* ExCoreData.app */,
			);
			name = Products;
			sourceTree = "<group>";
		};
		817DBA1121904311001EB948 /* ExCoreData */ = {
			isa = PBXGroup;
			children = (
				817DBA1221904311001EB948 /* AppDelegate.swift */,
				817DBA1421904311001EB948 /* ViewController.swift */,
				817DBA2721904725001EB948 /* CoreDataConnect.swift */,
				817DBA1621904311001EB948 /* Main.storyboard */,
				817DBA1C21904312001EB948 /* Assets.xcassets */,
				817DBA1E21904312001EB948 /* LaunchScreen.storyboard */,
				817DBA2121904312001EB948 /* Info.plist */,
				817DBA1921904311001EB948 /* ExCoreData.xcdatamodeld */,
			);
			path = ExCoreData;
			sourceTree = "<group>";
		};
/* End PBXGroup section */

/* Begin PBXNativeTarget section */
		817DBA0E21904311001EB948 /* ExCoreData */ = {
			isa = PBXNativeTarget;
			buildConfigurationList = 817DBA2421904312001EB948 /* Build configuration list for PBXNativeTarget "ExCoreData" */;
			buildPhases = (
				817DBA0B21904311001EB948 /* Sources */,
				817DBA0C21904311001EB948 /* Frameworks */,
				817DBA0D21904311001EB948 /* Resources */,
			);
			buildRules = (
			);
			dependencies = (
			);
			name = ExCoreData;
			productName = ExCoreData;
			productReference = 817DBA0F21904311001EB948 /* ExCoreData.app */;
			productType = "com.apple.product-type.application";
		};
/* End PBXNativeTarget section */

/* Begin PBXProject section */
		817DBA0721904310001EB948 /* Project object */ = {
			isa = PBXProject;
			attributes = {
				LastSwiftUpdateCheck = 1010;
				LastUpgradeCheck = 1010;
				ORGANIZATIONNAME = Feng;
				TargetAttributes = {
					817DBA0E21904311001EB948 = {
						CreatedOnToolsVersion = 10.1;
						LastSwiftMigration = 1130;
					};
				};
			};
			buildConfigurationList = 817DBA0A21904310001EB948 /* Build configuration list for PBXProject "ExCoreData" */;
			compatibilityVersion = "Xcode 9.3";
			developmentRegion = en;
			hasScannedForEncodings = 0;
			knownRegions = (
				en,
				Base,
			);
			mainGroup = 817DBA0621904310001EB948;
			productRefGroup = 817DBA1021904311001EB948 /* Products */;
			projectDirPath = "";
			projectRoot = "";
			targets = (
				817DBA0E21904311001EB948 /* ExCoreData */,
			);
		};
/* End PBXProject section */

/* Begin PBXResourcesBuildPhase section */
		817DBA0D21904311001EB948 /* Resources */ = {
			isa = PBXResourcesBuildPhase;
			buildActionMask = 2147483647;
			files = (
				817DBA2021904312001EB948 /* LaunchScreen.storyboard in Resources */,
				817DBA1D21904312001EB948 /* Assets.xcassets in Resources */,
				817DBA1821904311001EB948 /* Main.storyboard in Resources */,
			);
			runOnlyForDeploymentPostprocessing = 0;
		};
/* End PBXResourcesBuildPhase section */

/* Begin PBXSourcesBuildPhase section */
		817DBA0B21904311001EB948 /* Sources */ = {
			isa = PBXSourcesBuildPhase;
			buildActionMask = 2147483647;
			files = (
				817DBA1521904311001EB948 /* ViewController.swift in Sources */,
				817DBA2821904725001EB948 /* CoreDataConnect.swift in Sources */,
				817DBA1321904311001EB948 /* AppDelegate.swift in Sources */,
				817DBA1B21904311001EB948 /* ExCoreData.xcdatamodeld in Sources */,
			);
			runOnlyForDeploymentPostprocessing = 0;
		};
/* End PBXSourcesBuildPhase section */

/* Begin PBXVariantGroup section */
		817DBA1621904311001EB948 /* Main.storyboard */ = {
			isa = PBXVariantGroup;
			children = (
				817DBA1721904311001EB948 /* Base */,
			);
			name = Main.storyboard;
			sourceTree = "<group>";
		};
		817DBA1E21904312001EB948 /* LaunchScreen.storyboard */ = {
			isa = PBXVariantGroup;
			children = (
				817DBA1F21904312001EB948 /* Base */,
			);
			name = LaunchScreen.storyboard;
			sourceTree = "<group>";
		};
/* End PBXVariantGroup section */

/* Begin XCBuildConfiguration section */
		817DBA2221904312001EB948 /* Debug */ = {
			isa = XCBuildConfiguration;
			buildSettings = {
				ALWAYS_SEARCH_USER_PATHS = NO;
				CLANG_ANALYZER_NONNULL = YES;
				CLANG_ANALYZER_NUMBER_OBJECT_CONVERSION = YES_AGGRESSIVE;
				CLANG_CXX_LANGUAGE_STANDARD = "gnu++14";
				CLANG_CXX_LIBRARY = "libc++";
				CLANG_ENABLE_MODULES = YES;
				CLANG_ENABLE_OBJC_ARC = YES;
				CLANG_ENABLE_OBJC_WEAK = YES;
				CLANG_WARN_BLOCK_CAPTURE_AUTORELEASING = YES;
				CLANG_WARN_BOOL_CONVERSION = YES;
				CLANG_WARN_COMMA = YES;
				CLANG_WARN_CONSTANT_CONVERSION = YES;
				CLANG_WARN_DEPRECATED_OBJC_IMPLEMENTATIONS = YES;
				CLANG_WARN_DIRECT_OBJC_ISA_USAGE = YES_ERROR;
				CLANG_WARN_DOCUMENTATION_COMMENTS = YES;
				CLANG_WARN_EMPTY_BODY = YES;
				CLANG_WARN_ENUM_CONVERSION = YES;
				CLANG_WARN_INFINITE_RECURSION = YES;
				CLANG_WARN_INT_CONVERSION = YES;
				CLANG_WARN_NON_LITERAL_NULL_CONVERSION = YES;
				CLANG_WARN_OBJC_IMPLICIT_RETAIN_SELF = YES;
				CLANG_WARN_OBJC_LITERAL_CONVERSION = YES;
				CLANG_WARN_OBJC_ROOT_CLASS = YES_ERROR;
				CLANG_WARN_RANGE_LOOP_ANALYSIS = YES;
				CLANG_WARN_STRICT_PROTOTYPES = YES;
				CLANG_WARN_SUSPICIOUS_MOVE = YES;
				CLANG_WARN_UNGUARDED_AVAILABILITY = YES_AGGRESSIVE;
				CLANG_WARN_UNREACHABLE_CODE = YES;
				CLANG_WARN__DUPLICATE_METHOD_MATCH = YES;
				CODE_SIGN_IDENTITY = "iPhone Developer";
				COPY_PHASE_STRIP = NO;
				DEBUG_INFORMATION_FORMAT = dwarf;
				ENABLE_STRICT_OBJC_MSGSEND = YES;
				ENABLE_TESTABILITY = YES;
				GCC_C_LANGUAGE_STANDARD = gnu11;
				GCC_DYNAMIC_NO_PIC = NO;
				GCC_NO_COMMON_BLOCKS = YES;
				GCC_OPTIMIZATION_LEVEL = 0;
				GCC_PREPROCESSOR_DEFINITIONS = (
					"DEBUG=1",
					"$(inherited)",
				);
				GCC_WARN_64_TO_32_BIT_CONVERSION = YES;
				GCC_WARN_ABOUT_RETURN_TYPE = YES_ERROR;
				GCC_WARN_UNDECLARED_SELECTOR = YES;
				GCC_WARN_UNINITIALIZED_AUTOS = YES_AGGRESSIVE;
				GCC_WARN_UNUSED_FUNCTION = YES;
				GCC_WARN_UNUSED_VARIABLE = YES;
				IPHONEOS_DEPLOYMENT_TARGET = 12.1;
				MTL_ENABLE_DEBUG_INFO = INCLUDE_SOURCE;
				MTL_FAST_MATH = YES;
				ONLY_ACTIVE_ARCH = YES;
				SDKROOT = iphoneos;
				SWIFT_ACTIVE_COMPILATION_CONDITIONS = DEBUG;
				SWIFT_OPTIMIZATION_LEVEL = "-Onone";
			};
			name = Debug;
		};
		817DBA2321904312001EB948 /* Release */ = {
			isa = XCBuildConfiguration;
			buildSettings = {
				ALWAYS_SEARCH_USER_PATHS = NO;
				CLANG_ANALYZER_NONNULL = YES;
				CLANG_ANALYZER_NUMBER_OBJECT_CONVERSION = YES_AGGRESSIVE;
				CLANG_CXX_LANGUAGE_STANDARD = "gnu++14";
				CLANG_CXX_LIBRARY = "libc++";
				CLANG_ENABLE_MODULES = YES;
				CLANG_ENABLE_OBJC_ARC = YES;
				CLANG_ENABLE_OBJC_WEAK = YES;
				CLANG_WARN_BLOCK_CAPTURE_AUTORELEASING = YES;
				CLANG_WARN_BOOL_CONVERSION = YES;
				CLANG_WARN_COMMA = YES;
				CLANG_WARN_CONSTANT_CONVERSION = YES;
				CLANG_WARN_DEPRECATED_OBJC_IMPLEMENTATIONS = YES;
				CLANG_WARN_DIRECT_OBJC_ISA_USAGE = YES_ERROR;
				CLANG_WARN_DOCUMENTATION_COMMENTS = YES;
				CLANG_WARN_EMPTY_BODY = YES;
				CLANG_WARN_ENUM_CONVERSION = YES;
				CLANG_WARN_INFINITE_RECURSION = YES;
				CLANG_WARN_INT_CONVERSION = YES;
				CLANG_WARN_NON_LITERAL_NULL_CONVERSION = YES;
				CLANG_WARN_OBJC_IMPLICIT_RETAIN_SELF = YES;
				CLANG_WARN_OBJC_LITERAL_CONVERSION = YES;
				CLANG_WARN_OBJC_ROOT_CLASS = YES_ERROR;
				CLANG_WARN_RANGE_LOOP_ANALYSIS = YES;
				CLANG_WARN_STRICT_PROTOTYPES = YES;
				CLANG_WARN_SUSPICIOUS_MOVE = YES;
				CLANG_WARN_UNGUARDED_AVAILABILITY = YES_AGGRESSIVE;
				CLANG_WARN_UNREACHABLE_CODE = YES;
				CLANG_WARN__DUPLICATE_METHOD_MATCH = YES;
				CODE_SIGN_IDENTITY = "iPhone Developer";
				COPY_PHASE_STRIP = NO;
				DEBUG_INFORMATION_FORMAT = "dwarf-with-dsym";
				ENABLE_NS_ASSERTIONS = NO;
				ENABLE_STRICT_OBJC_MSGSEND = YES;
				GCC_C_LANGUAGE_STANDARD = gnu11;
				GCC_NO_COMMON_BLOCKS = YES;
				GCC_WARN_64_TO_32_BIT_CONVERSION = YES;
				GCC_WARN_ABOUT_RETURN_TYPE = YES_ERROR;
				GCC_WARN_UNDECLARED_SELECTOR = YES;
				GCC_WARN_UNINITIALIZED_AUTOS = YES_AGGRESSIVE;
				GCC_WARN_UNUSED_FUNCTION = YES;
				GCC_WARN_UNUSED_VARIABLE = YES;
				IPHONEOS_DEPLOYMENT_TARGET = 12.1;
				MTL_ENABLE_DEBUG_INFO = NO;
				MTL_FAST_MATH = YES;
				SDKROOT = iphoneos;
				SWIFT_COMPILATION_MODE = wholemodule;
				SWIFT_OPTIMIZATION_LEVEL = "-O";
				VALIDATE_PRODUCT = YES;
			};
			name = Release;
		};
		817DBA2521904312001EB948 /* Debug */ = {
			isa = XCBuildConfiguration;
			buildSettings = {
				ASSETCATALOG_COMPILER_APPICON_NAME = AppIcon;
				CODE_SIGN_STYLE = Automatic;
				DEVELOPMENT_TEAM = 42G68NKSB6;
				INFOPLIST_FILE = ExCoreData/Info.plist;
				LD_RUNPATH_SEARCH_PATHS = (
					"$(inherited)",
					"@executable_path/Frameworks",
				);
				PRODUCT_BUNDLE_IDENTIFIER = tw.hsin.ExCoreData;
				PRODUCT_NAME = "$(TARGET_NAME)";
				SWIFT_VERSION = 5.0;
				TARGETED_DEVICE_FAMILY = "1,2";
			};
			name = Debug;
		};
		817DBA2621904312001EB948 /* Release */ = {
			isa = XCBuildConfiguration;
			buildSettings = {
				ASSETCATALOG_COMPILER_APPICON_NAME = AppIcon;
				CODE_SIGN_STYLE = Automatic;
				DEVELOPMENT_TEAM = 42G68NKSB6;
				INFOPLIST_FILE = ExCoreData/Info.plist;
				LD_RUNPATH_SEARCH_PATHS = (
					"$(inherited)",
					"@executable_path/Frameworks",
				);
				PRODUCT_BUNDLE_IDENTIFIER = tw.hsin.ExCoreData;
				PRODUCT_NAME = "$(TARGET_NAME)";
				SWIFT_VERSION = 5.0;
				TARGETED_DEVICE_FAMILY = "1,2";
			};
			name = Release;
		};
/* End XCBuildConfiguration section */

/* Begin XCConfigurationList section */
		817DBA0A21904310001EB948 /* Build configuration list for PBXProject "ExCoreData" */ = {
			isa = XCConfigurationList;
			buildConfigurations = (
				817DBA2221904312001EB948 /* Debug */,
				817DBA2321904312001EB948 /* Release */,
			);
			defaultConfigurationIsVisible = 0;
			defaultConfigurationName = Release;
		};
		817DBA2421904312001EB948 /* Build configuration list for PBXNativeTarget "ExCoreData" */ = {
			isa = XCConfigurationList;
			buildConfigurations = (
				817DBA2521904312001EB948 /* Debug */,
				817DBA2621904312001EB948 /* Release */,
			);
			defaultConfigurationIsVisible = 0;
			defaultConfigurationName = Release;
		};
/* End XCConfigurationList section */

/* Begin XCVersionGroup section */
		817DBA1921904311001EB948 /* ExCoreData.xcdatamodeld */ = {
			isa = XCVersionGroup;
			children = (
				817DBA1A21904311001EB948 /* ExCoreData.xcdatamodel */,
			);
			currentVersion = 817DBA1A21904311001EB948 /* ExCoreData.xcdatamodel */;
			path = ExCoreData.xcdatamodeld;
			sourceTree = "<group>";
			versionGroupType = wrapper.xcdatamodel;
		};
/* End XCVersionGroup section */
	};
	rootObject = 817DBA0721904310001EB948 /* Project object */;
}
