// !$*UTF8*$!
{
	archiveVersion = 1;
	classes = {
	};
	objectVersion = 50;
	objects = {

/* Begin PBXBuildFile section */
		8178831F21959EBF009A4FAC /* AppDelegate.swift in Sources */ = {isa = PBXBuildFile; fileRef = 8178831E21959EBF009A4FAC /* AppDelegate.swift */; };
		8178832121959EBF009A4FAC /* ViewController.swift in Sources */ = {isa = PBXBuildFile; fileRef = 8178832021959EBF009A4FAC /* ViewController.swift */; };
		8178832621959EC2009A4FAC /* Assets.xcassets in Resources */ = {isa = PBXBuildFile; fileRef = 8178832521959EC2009A4FAC /* Assets.xcassets */; };
		817883332195A04C009A4FAC /* SQLiteConnect.swift in Sources */ = {isa = PBXBuildFile; fileRef = 817883322195A04C009A4FAC /* SQLiteConnect.swift */; };
		817883352195A1FE009A4FAC /* PostViewController.swift in Sources */ = {isa = PBXBuildFile; fileRef = 817883342195A1FE009A4FAC /* PostViewController.swift */; };
		817883372195A213009A4FAC /* MoreViewController.swift in Sources */ = {isa = PBXBuildFile; fileRef = 817883362195A213009A4FAC /* MoreViewController.swift */; };
		817883452195A5AA009A4FAC /* add.png in Resources */ = {isa = PBXBuildFile; fileRef = 817883392195A5A9009A4FAC /* add.png */; };
		817883462195A5AA009A4FAC /* add@2x.png in Resources */ = {isa = PBXBuildFile; fileRef = 8178833A2195A5A9009A4FAC /* add@2x.png */; };
		817883472195A5AA009A4FAC /* add@3x.png in Resources */ = {isa = PBXBuildFile; fileRef = 8178833B2195A5A9009A4FAC /* add@3x.png */; };
		817883482195A5AA009A4FAC /* settings.png in Resources */ = {isa = PBXBuildFile; fileRef = 8178833C2195A5A9009A4FAC /* settings.png */; };
		817883492195A5AA009A4FAC /* prev@3x.png in Resources */ = {isa = PBXBuildFile; fileRef = 8178833D2195A5A9009A4FAC /* prev@3x.png */; };
		8178834A2195A5AA009A4FAC /* prev@2x.png in Resources */ = {isa = PBXBuildFile; fileRef = 8178833E2195A5A9009A4FAC /* prev@2x.png */; };
		8178834B2195A5AA009A4FAC /* next.png in Resources */ = {isa = PBXBuildFile; fileRef = 8178833F2195A5A9009A4FAC /* next.png */; };
		8178834C2195A5AA009A4FAC /* settings@2x.png in Resources */ = {isa = PBXBuildFile; fileRef = 817883402195A5A9009A4FAC /* settings@2x.png */; };
		8178834D2195A5AA009A4FAC /* next@2x.png in Resources */ = {isa = PBXBuildFile; fileRef = 817883412195A5A9009A4FAC /* next@2x.png */; };
		8178834E2195A5AA009A4FAC /* next@3x.png in Resources */ = {isa = PBXBuildFile; fileRef = 817883422195A5A9009A4FAC /* next@3x.png */; };
		8178834F2195A5AA009A4FAC /* settings@3x.png in Resources */ = {isa = PBXBuildFile; fileRef = 817883432195A5A9009A4FAC /* settings@3x.png */; };
		817883502195A5AA009A4FAC /* prev.png in Resources */ = {isa = PBXBuildFile; fileRef = 817883442195A5A9009A4FAC /* prev.png */; };
		817883522195B7A6009A4FAC /* LaunchScreen.storyboard in Resources */ = {isa = PBXBuildFile; fileRef = 817883512195B7A6009A4FAC /* LaunchScreen.storyboard */; };
/* End PBXBuildFile section */

/* Begin PBXFileReference section */
		8178831B21959EBF009A4FAC /* Money.app */ = {isa = PBXFileReference; explicitFileType = wrapper.application; includeInIndex = 0; path = Money.app; sourceTree = BUILT_PRODUCTS_DIR; };
		8178831E21959EBF009A4FAC /* AppDelegate.swift */ = {isa = PBXFileReference; lastKnownFileType = sourcecode.swift; path = AppDelegate.swift; sourceTree = "<group>"; };
		8178832021959EBF009A4FAC /* ViewController.swift */ = {isa = PBXFileReference; lastKnownFileType = sourcecode.swift; path = ViewController.swift; sourceTree = "<group>"; };
		8178832521959EC2009A4FAC /* Assets.xcassets */ = {isa = PBXFileReference; lastKnownFileType = folder.assetcatalog; path = Assets.xcassets; sourceTree = "<group>"; };
		8178832A21959EC2009A4FAC /* Info.plist */ = {isa = PBXFileReference; lastKnownFileType = text.plist.xml; path = Info.plist; sourceTree = "<group>"; };
		817883322195A04C009A4FAC /* SQLiteConnect.swift */ = {isa = PBXFileReference; fileEncoding = 4; lastKnownFileType = sourcecode.swift; path = SQLiteConnect.swift; sourceTree = "<group>"; };
		817883342195A1FE009A4FAC /* PostViewController.swift */ = {isa = PBXFileReference; lastKnownFileType = sourcecode.swift; path = PostViewController.swift; sourceTree = "<group>"; };
		817883362195A213009A4FAC /* MoreViewController.swift */ = {isa = PBXFileReference; lastKnownFileType = sourcecode.swift; path = MoreViewController.swift; sourceTree = "<group>"; };
		817883392195A5A9009A4FAC /* add.png */ = {isa = PBXFileReference; lastKnownFileType = image.png; path = add.png; sourceTree = "<group>"; };
		8178833A2195A5A9009A4FAC /* add@2x.png */ = {isa = PBXFileReference; lastKnownFileType = image.png; path = "add@2x.png"; sourceTree = "<group>"; };
		8178833B2195A5A9009A4FAC /* add@3x.png */ = {isa = PBXFileReference; lastKnownFileType = image.png; path = "add@3x.png"; sourceTree = "<group>"; };
		8178833C2195A5A9009A4FAC /* settings.png */ = {isa = PBXFileReference; lastKnownFileType = image.png; path = settings.png; sourceTree = "<group>"; };
		8178833D2195A5A9009A4FAC /* prev@3x.png */ = {isa = PBXFileReference; lastKnownFileType = image.png; path = "prev@3x.png"; sourceTree = "<group>"; };
		8178833E2195A5A9009A4FAC /* prev@2x.png */ = {isa = PBXFileReference; lastKnownFileType = image.png; path = "prev@2x.png"; sourceTree = "<group>"; };
		8178833F2195A5A9009A4FAC /* next.png */ = {isa = PBXFileReference; lastKnownFileType = image.png; path = next.png; sourceTree = "<group>"; };
		817883402195A5A9009A4FAC /* settings@2x.png */ = {isa = PBXFileReference; lastKnownFileType = image.png; path = "settings@2x.png"; sourceTree = "<group>"; };
		817883412195A5A9009A4FAC /* next@2x.png */ = {isa = PBXFileReference; lastKnownFileType = image.png; path = "next@2x.png"; sourceTree = "<group>"; };
		817883422195A5A9009A4FAC /* next@3x.png */ = {isa = PBXFileReference; lastKnownFileType = image.png; path = "next@3x.png"; sourceTree = "<group>"; };
		817883432195A5A9009A4FAC /* settings@3x.png */ = {isa = PBXFileReference; lastKnownFileType = image.png; path = "settings@3x.png"; sourceTree = "<group>"; };
		817883442195A5A9009A4FAC /* prev.png */ = {isa = PBXFileReference; lastKnownFileType = image.png; path = prev.png; sourceTree = "<group>"; };
		817883512195B7A6009A4FAC /* LaunchScreen.storyboard */ = {isa = PBXFileReference; fileEncoding = 4; lastKnownFileType = file.storyboard; path = LaunchScreen.storyboard; sourceTree = "<group>"; };
/* End PBXFileReference section */

/* Begin PBXFrameworksBuildPhase section */
		8178831821959EBF009A4FAC /* Frameworks */ = {
			isa = PBXFrameworksBuildPhase;
			buildActionMask = 2147483647;
			files = (
			);
			runOnlyForDeploymentPostprocessing = 0;
		};
/* End PBXFrameworksBuildPhase section */

/* Begin PBXGroup section */
		8178831221959EBF009A4FAC = {
			isa = PBXGroup;
			children = (
				8178831D21959EBF009A4FAC /* Money */,
				8178831C21959EBF009A4FAC /* Products */,
			);
			sourceTree = "<group>";
		};
		8178831C21959EBF009A4FAC /* Products */ = {
			isa = PBXGroup;
			children = (
				8178831B21959EBF009A4FAC /* Money.app */,
			);
			name = Products;
			sourceTree = "<group>";
		};
		8178831D21959EBF009A4FAC /* Money */ = {
			isa = PBXGroup;
			children = (
				817883322195A04C009A4FAC /* SQLiteConnect.swift */,
				8178831E21959EBF009A4FAC /* AppDelegate.swift */,
				8178832021959EBF009A4FAC /* ViewController.swift */,
				817883342195A1FE009A4FAC /* PostViewController.swift */,
				817883362195A213009A4FAC /* MoreViewController.swift */,
				8178832521959EC2009A4FAC /* Assets.xcassets */,
				8178832A21959EC2009A4FAC /* Info.plist */,
				817883512195B7A6009A4FAC /* LaunchScreen.storyboard */,
				817883382195A5A9009A4FAC /* icons */,
			);
			path = Money;
			sourceTree = "<group>";
		};
		817883382195A5A9009A4FAC /* icons */ = {
			isa = PBXGroup;
			children = (
				817883392195A5A9009A4FAC /* add.png */,
				8178833A2195A5A9009A4FAC /* add@2x.png */,
				8178833B2195A5A9009A4FAC /* add@3x.png */,
				8178833C2195A5A9009A4FAC /* settings.png */,
				8178833D2195A5A9009A4FAC /* prev@3x.png */,
				8178833E2195A5A9009A4FAC /* prev@2x.png */,
				8178833F2195A5A9009A4FAC /* next.png */,
				817883402195A5A9009A4FAC /* settings@2x.png */,
				817883412195A5A9009A4FAC /* next@2x.png */,
				817883422195A5A9009A4FAC /* next@3x.png */,
				817883432195A5A9009A4FAC /* settings@3x.png */,
				817883442195A5A9009A4FAC /* prev.png */,
			);
			path = icons;
			sourceTree = "<group>";
		};
/* End PBXGroup section */

/* Begin PBXNativeTarget section */
		8178831A21959EBF009A4FAC /* Money */ = {
			isa = PBXNativeTarget;
			buildConfigurationList = 8178832D21959EC2009A4FAC /* Build configuration list for PBXNativeTarget "Money" */;
			buildPhases = (
				8178831721959EBF009A4FAC /* Sources */,
				8178831821959EBF009A4FAC /* Frameworks */,
				8178831921959EBF009A4FAC /* Resources */,
			);
			buildRules = (
			);
			dependencies = (
			);
			name = Money;
			productName = Money;
			productReference = 8178831B21959EBF009A4FAC /* Money.app */;
			productType = "com.apple.product-type.application";
		};
/* End PBXNativeTarget section */

/* Begin PBXProject section */
		8178831321959EBF009A4FAC /* Project object */ = {
			isa = PBXProject;
			attributes = {
				LastSwiftUpdateCheck = 1010;
				LastUpgradeCheck = 1010;
				ORGANIZATIONNAME = Feng;
				TargetAttributes = {
					8178831A21959EBF009A4FAC = {
						CreatedOnToolsVersion = 10.1;
					};
				};
			};
			buildConfigurationList = 8178831621959EBF009A4FAC /* Build configuration list for PBXProject "Money" */;
			compatibilityVersion = "Xcode 9.3";
			developmentRegion = en;
			hasScannedForEncodings = 0;
			knownRegions = (
				en,
				Base,
			);
			mainGroup = 8178831221959EBF009A4FAC;
			productRefGroup = 8178831C21959EBF009A4FAC /* Products */;
			projectDirPath = "";
			projectRoot = "";
			targets = (
				8178831A21959EBF009A4FAC /* Money */,
			);
		};
/* End PBXProject section */

/* Begin PBXResourcesBuildPhase section */
		8178831921959EBF009A4FAC /* Resources */ = {
			isa = PBXResourcesBuildPhase;
			buildActionMask = 2147483647;
			files = (
				8178834C2195A5AA009A4FAC /* settings@2x.png in Resources */,
				8178834E2195A5AA009A4FAC /* next@3x.png in Resources */,
				817883482195A5AA009A4FAC /* settings.png in Resources */,
				817883462195A5AA009A4FAC /* add@2x.png in Resources */,
				8178832621959EC2009A4FAC /* Assets.xcassets in Resources */,
				817883472195A5AA009A4FAC /* add@3x.png in Resources */,
				8178834F2195A5AA009A4FAC /* settings@3x.png in Resources */,
				8178834B2195A5AA009A4FAC /* next.png in Resources */,
				817883492195A5AA009A4FAC /* prev@3x.png in Resources */,
				817883502195A5AA009A4FAC /* prev.png in Resources */,
				8178834A2195A5AA009A4FAC /* prev@2x.png in Resources */,
				817883522195B7A6009A4FAC /* LaunchScreen.storyboard in Resources */,
				817883452195A5AA009A4FAC /* add.png in Resources */,
				8178834D2195A5AA009A4FAC /* next@2x.png in Resources */,
			);
			runOnlyForDeploymentPostprocessing = 0;
		};
/* End PBXResourcesBuildPhase section */

/* Begin PBXSourcesBuildPhase section */
		8178831721959EBF009A4FAC /* Sources */ = {
			isa = PBXSourcesBuildPhase;
			buildActionMask = 2147483647;
			files = (
				817883372195A213009A4FAC /* MoreViewController.swift in Sources */,
				817883352195A1FE009A4FAC /* PostViewController.swift in Sources */,
				8178832121959EBF009A4FAC /* ViewController.swift in Sources */,
				817883332195A04C009A4FAC /* SQLiteConnect.swift in Sources */,
				8178831F21959EBF009A4FAC /* AppDelegate.swift in Sources */,
			);
			runOnlyForDeploymentPostprocessing = 0;
		};
/* End PBXSourcesBuildPhase section */

/* Begin XCBuildConfiguration section */
		8178832B21959EC2009A4FAC /* Debug */ = {
			isa = XCBuildConfiguration;
			buildSettings = {
				ALWAYS_SEARCH_USER_PATHS = NO;
				CLANG_ANALYZER_NONNULL = YES;
				CLANG_ANALYZER_NUMBER_OBJECT_CONVERSION = YES_AGGRESSIVE;
				CLANG_CXX_LANGUAGE_STANDARD = "gnu++14";
				CLANG_CXX_LIBRARY = "libc++";
				CLANG_ENABLE_MODULES = YES;
				CLANG_ENABLE_OBJC_ARC = YES;
				CLANG_ENABLE_OBJC_WEAK = YES;
				CLANG_WARN_BLOCK_CAPTURE_AUTORELEASING = YES;
				CLANG_WARN_BOOL_CONVERSION = YES;
				CLANG_WARN_COMMA = YES;
				CLANG_WARN_CONSTANT_CONVERSION = YES;
				CLANG_WARN_DEPRECATED_OBJC_IMPLEMENTATIONS = YES;
				CLANG_WARN_DIRECT_OBJC_ISA_USAGE = YES_ERROR;
				CLANG_WARN_DOCUMENTATION_COMMENTS = YES;
				CLANG_WARN_EMPTY_BODY = YES;
				CLANG_WARN_ENUM_CONVERSION = YES;
				CLANG_WARN_INFINITE_RECURSION = YES;
				CLANG_WARN_INT_CONVERSION = YES;
				CLANG_WARN_NON_LITERAL_NULL_CONVERSION = YES;
				CLANG_WARN_OBJC_IMPLICIT_RETAIN_SELF = YES;
				CLANG_WARN_OBJC_LITERAL_CONVERSION = YES;
				CLANG_WARN_OBJC_ROOT_CLASS = YES_ERROR;
				CLANG_WARN_RANGE_LOOP_ANALYSIS = YES;
				CLANG_WARN_STRICT_PROTOTYPES = YES;
				CLANG_WARN_SUSPICIOUS_MOVE = YES;
				CLANG_WARN_UNGUARDED_AVAILABILITY = YES_AGGRESSIVE;
				CLANG_WARN_UNREACHABLE_CODE = YES;
				CLANG_WARN__DUPLICATE_METHOD_MATCH = YES;
				CODE_SIGN_IDENTITY = "iPhone Developer";
				COPY_PHASE_STRIP = NO;
				DEBUG_INFORMATION_FORMAT = dwarf;
				ENABLE_STRICT_OBJC_MSGSEND = YES;
				ENABLE_TESTABILITY = YES;
				GCC_C_LANGUAGE_STANDARD = gnu11;
				GCC_DYNAMIC_NO_PIC = NO;
				GCC_NO_COMMON_BLOCKS = YES;
				GCC_OPTIMIZATION_LEVEL = 0;
				GCC_PREPROCESSOR_DEFINITIONS = (
					"DEBUG=1",
					"$(inherited)",
				);
				GCC_WARN_64_TO_32_BIT_CONVERSION = YES;
				GCC_WARN_ABOUT_RETURN_TYPE = YES_ERROR;
				GCC_WARN_UNDECLARED_SELECTOR = YES;
				GCC_WARN_UNINITIALIZED_AUTOS = YES_AGGRESSIVE;
				GCC_WARN_UNUSED_FUNCTION = YES;
				GCC_WARN_UNUSED_VARIABLE = YES;
				IPHONEOS_DEPLOYMENT_TARGET = 12.1;
				MTL_ENABLE_DEBUG_INFO = INCLUDE_SOURCE;
				MTL_FAST_MATH = YES;
				ONLY_ACTIVE_ARCH = YES;
				SDKROOT = iphoneos;
				SWIFT_ACTIVE_COMPILATION_CONDITIONS = DEBUG;
				SWIFT_OPTIMIZATION_LEVEL = "-Onone";
			};
			name = Debug;
		};
		8178832C21959EC2009A4FAC /* Release */ = {
			isa = XCBuildConfiguration;
			buildSettings = {
				ALWAYS_SEARCH_USER_PATHS = NO;
				CLANG_ANALYZER_NONNULL = YES;
				CLANG_ANALYZER_NUMBER_OBJECT_CONVERSION = YES_AGGRESSIVE;
				CLANG_CXX_LANGUAGE_STANDARD = "gnu++14";
				CLANG_CXX_LIBRARY = "libc++";
				CLANG_ENABLE_MODULES = YES;
				CLANG_ENABLE_OBJC_ARC = YES;
				CLANG_ENABLE_OBJC_WEAK = YES;
				CLANG_WARN_BLOCK_CAPTURE_AUTORELEASING = YES;
				CLANG_WARN_BOOL_CONVERSION = YES;
				CLANG_WARN_COMMA = YES;
				CLANG_WARN_CONSTANT_CONVERSION = YES;
				CLANG_WARN_DEPRECATED_OBJC_IMPLEMENTATIONS = YES;
				CLANG_WARN_DIRECT_OBJC_ISA_USAGE = YES_ERROR;
				CLANG_WARN_DOCUMENTATION_COMMENTS = YES;
				CLANG_WARN_EMPTY_BODY = YES;
				CLANG_WARN_ENUM_CONVERSION = YES;
				CLANG_WARN_INFINITE_RECURSION = YES;
				CLANG_WARN_INT_CONVERSION = YES;
				CLANG_WARN_NON_LITERAL_NULL_CONVERSION = YES;
				CLANG_WARN_OBJC_IMPLICIT_RETAIN_SELF = YES;
				CLANG_WARN_OBJC_LITERAL_CONVERSION = YES;
				CLANG_WARN_OBJC_ROOT_CLASS = YES_ERROR;
				CLANG_WARN_RANGE_LOOP_ANALYSIS = YES;
				CLANG_WARN_STRICT_PROTOTYPES = YES;
				CLANG_WARN_SUSPICIOUS_MOVE = YES;
				CLANG_WARN_UNGUARDED_AVAILABILITY = YES_AGGRESSIVE;
				CLANG_WARN_UNREACHABLE_CODE = YES;
				CLANG_WARN__DUPLICATE_METHOD_MATCH = YES;
				CODE_SIGN_IDENTITY = "iPhone Developer";
				COPY_PHASE_STRIP = NO;
				DEBUG_INFORMATION_FORMAT = "dwarf-with-dsym";
				ENABLE_NS_ASSERTIONS = NO;
				ENABLE_STRICT_OBJC_MSGSEND = YES;
				GCC_C_LANGUAGE_STANDARD = gnu11;
				GCC_NO_COMMON_BLOCKS = YES;
				GCC_WARN_64_TO_32_BIT_CONVERSION = YES;
				GCC_WARN_ABOUT_RETURN_TYPE = YES_ERROR;
				GCC_WARN_UNDECLARED_SELECTOR = YES;
				GCC_WARN_UNINITIALIZED_AUTOS = YES_AGGRESSIVE;
				GCC_WARN_UNUSED_FUNCTION = YES;
				GCC_WARN_UNUSED_VARIABLE = YES;
				IPHONEOS_DEPLOYMENT_TARGET = 12.1;
				MTL_ENABLE_DEBUG_INFO = NO;
				MTL_FAST_MATH = YES;
				SDKROOT = iphoneos;
				SWIFT_COMPILATION_MODE = wholemodule;
				SWIFT_OPTIMIZATION_LEVEL = "-O";
				VALIDATE_PRODUCT = YES;
			};
			name = Release;
		};
		8178832E21959EC2009A4FAC /* Debug */ = {
			isa = XCBuildConfiguration;
			buildSettings = {
				ASSETCATALOG_COMPILER_APPICON_NAME = AppIcon;
				CODE_SIGN_STYLE = Automatic;
				DEVELOPMENT_TEAM = 42G68NKSB6;
				INFOPLIST_FILE = Money/Info.plist;
				LD_RUNPATH_SEARCH_PATHS = (
					"$(inherited)",
					"@executable_path/Frameworks",
				);
				PRODUCT_BUNDLE_IDENTIFIER = tw.hsin.Money;
				PRODUCT_NAME = "$(TARGET_NAME)";
				SWIFT_VERSION = 4.2;
				TARGETED_DEVICE_FAMILY = 1;
			};
			name = Debug;
		};
		8178832F21959EC2009A4FAC /* Release */ = {
			isa = XCBuildConfiguration;
			buildSettings = {
				ASSETCATALOG_COMPILER_APPICON_NAME = AppIcon;
				CODE_SIGN_STYLE = Automatic;
				DEVELOPMENT_TEAM = 42G68NKSB6;
				INFOPLIST_FILE = Money/Info.plist;
				LD_RUNPATH_SEARCH_PATHS = (
					"$(inherited)",
					"@executable_path/Frameworks",
				);
				PRODUCT_BUNDLE_IDENTIFIER = tw.hsin.Money;
				PRODUCT_NAME = "$(TARGET_NAME)";
				SWIFT_VERSION = 4.2;
				TARGETED_DEVICE_FAMILY = 1;
			};
			name = Release;
		};
/* End XCBuildConfiguration section */

/* Begin XCConfigurationList section */
		8178831621959EBF009A4FAC /* Build configuration list for PBXProject "Money" */ = {
			isa = XCConfigurationList;
			buildConfigurations = (
				8178832B21959EC2009A4FAC /* Debug */,
				8178832C21959EC2009A4FAC /* Release */,
			);
			defaultConfigurationIsVisible = 0;
			defaultConfigurationName = Release;
		};
		8178832D21959EC2009A4FAC /* Build configuration list for PBXNativeTarget "Money" */ = {
			isa = XCConfigurationList;
			buildConfigurations = (
				8178832E21959EC2009A4FAC /* Debug */,
				8178832F21959EC2009A4FAC /* Release */,
			);
			defaultConfigurationIsVisible = 0;
			defaultConfigurationName = Release;
		};
/* End XCConfigurationList section */
	};
	rootObject = 8178831321959EBF009A4FAC /* Project object */;
}
