// !$*UTF8*$!
{
	archiveVersion = 1;
	classes = {
	};
	objectVersion = 46;
	objects = {

/* Begin PBXBuildFile section */
		814130B51CED88DE002A6CF3 /* AppDelegate.swift in Sources */ = {isa = PBXBuildFile; fileRef = 814130B41CED88DE002A6CF3 /* AppDelegate.swift */; };
		814130B71CED88DE002A6CF3 /* ViewController.swift in Sources */ = {isa = PBXBuildFile; fileRef = 814130B61CED88DE002A6CF3 /* ViewController.swift */; };
		814130BA1CED88DE002A6CF3 /* Main.storyboard in Resources */ = {isa = PBXBuildFile; fileRef = 814130B81CED88DE002A6CF3 /* Main.storyboard */; };
		814130BC1CED88DE002A6CF3 /* Assets.xcassets in Resources */ = {isa = PBXBuildFile; fileRef = 814130BB1CED88DE002A6CF3 /* Assets.xcassets */; };
		814130BF1CED88DE002A6CF3 /* LaunchScreen.storyboard in Resources */ = {isa = PBXBuildFile; fileRef = 814130BD1CED88DE002A6CF3 /* LaunchScreen.storyboard */; };
/* End PBXBuildFile section */

/* Begin PBXFileReference section */
		814130B11CED88DE002A6CF3 /* ExUIProgressView.app */ = {isa = PBXFileReference; explicitFileType = wrapper.application; includeInIndex = 0; path = ExUIProgressView.app; sourceTree = BUILT_PRODUCTS_DIR; };
		814130B41CED88DE002A6CF3 /* AppDelegate.swift */ = {isa = PBXFileReference; lastKnownFileType = sourcecode.swift; path = AppDelegate.swift; sourceTree = "<group>"; };
		814130B61CED88DE002A6CF3 /* ViewController.swift */ = {isa = PBXFileReference; lastKnownFileType = sourcecode.swift; path = ViewController.swift; sourceTree = "<group>"; };
		814130B91CED88DE002A6CF3 /* Base */ = {isa = PBXFileReference; lastKnownFileType = file.storyboard; name = Base; path = Base.lproj/Main.storyboard; sourceTree = "<group>"; };
		814130BB1CED88DE002A6CF3 /* Assets.xcassets */ = {isa = PBXFileReference; lastKnownFileType = folder.assetcatalog; path = Assets.xcassets; sourceTree = "<group>"; };
		814130BE1CED88DE002A6CF3 /* Base */ = {isa = PBXFileReference; lastKnownFileType = file.storyboard; name = Base; path = Base.lproj/LaunchScreen.storyboard; sourceTree = "<group>"; };
		814130C01CED88DE002A6CF3 /* Info.plist */ = {isa = PBXFileReference; lastKnownFileType = text.plist.xml; path = Info.plist; sourceTree = "<group>"; };
/* End PBXFileReference section */

/* Begin PBXFrameworksBuildPhase section */
		814130AE1CED88DE002A6CF3 /* Frameworks */ = {
			isa = PBXFrameworksBuildPhase;
			buildActionMask = 2147483647;
			files = (
			);
			runOnlyForDeploymentPostprocessing = 0;
		};
/* End PBXFrameworksBuildPhase section */

/* Begin PBXGroup section */
		814130A81CED88DE002A6CF3 = {
			isa = PBXGroup;
			children = (
				814130B31CED88DE002A6CF3 /* ExUIProgressView */,
				814130B21CED88DE002A6CF3 /* Products */,
			);
			sourceTree = "<group>";
		};
		814130B21CED88DE002A6CF3 /* Products */ = {
			isa = PBXGroup;
			children = (
				814130B11CED88DE002A6CF3 /* ExUIProgressView.app */,
			);
			name = Products;
			sourceTree = "<group>";
		};
		814130B31CED88DE002A6CF3 /* ExUIProgressView */ = {
			isa = PBXGroup;
			children = (
				814130B41CED88DE002A6CF3 /* AppDelegate.swift */,
				814130B61CED88DE002A6CF3 /* ViewController.swift */,
				814130B81CED88DE002A6CF3 /* Main.storyboard */,
				814130BB1CED88DE002A6CF3 /* Assets.xcassets */,
				814130BD1CED88DE002A6CF3 /* LaunchScreen.storyboard */,
				814130C01CED88DE002A6CF3 /* Info.plist */,
			);
			path = ExUIProgressView;
			sourceTree = "<group>";
		};
/* End PBXGroup section */

/* Begin PBXNativeTarget section */
		814130B01CED88DE002A6CF3 /* ExUIProgressView */ = {
			isa = PBXNativeTarget;
			buildConfigurationList = 814130C31CED88DE002A6CF3 /* Build configuration list for PBXNativeTarget "ExUIProgressView" */;
			buildPhases = (
				814130AD1CED88DE002A6CF3 /* Sources */,
				814130AE1CED88DE002A6CF3 /* Frameworks */,
				814130AF1CED88DE002A6CF3 /* Resources */,
			);
			buildRules = (
			);
			dependencies = (
			);
			name = ExUIProgressView;
			productName = ExUIProgressView;
			productReference = 814130B11CED88DE002A6CF3 /* ExUIProgressView.app */;
			productType = "com.apple.product-type.application";
		};
/* End PBXNativeTarget section */

/* Begin PBXProject section */
		814130A91CED88DE002A6CF3 /* Project object */ = {
			isa = PBXProject;
			attributes = {
				LastSwiftUpdateCheck = 0730;
				LastUpgradeCheck = 1130;
				ORGANIZATIONNAME = hsin;
				TargetAttributes = {
					814130B01CED88DE002A6CF3 = {
						CreatedOnToolsVersion = 7.3.1;
						DevelopmentTeam = 42G68NKSB6;
						LastSwiftMigration = 1130;
					};
				};
			};
			buildConfigurationList = 814130AC1CED88DE002A6CF3 /* Build configuration list for PBXProject "ExUIProgressView" */;
			compatibilityVersion = "Xcode 3.2";
			developmentRegion = en;
			hasScannedForEncodings = 0;
			knownRegions = (
				en,
				Base,
			);
			mainGroup = 814130A81CED88DE002A6CF3;
			productRefGroup = 814130B21CED88DE002A6CF3 /* Products */;
			projectDirPath = "";
			projectRoot = "";
			targets = (
				814130B01CED88DE002A6CF3 /* ExUIProgressView */,
			);
		};
/* End PBXProject section */

/* Begin PBXResourcesBuildPhase section */
		814130AF1CED88DE002A6CF3 /* Resources */ = {
			isa = PBXResourcesBuildPhase;
			buildActionMask = 2147483647;
			files = (
				814130BF1CED88DE002A6CF3 /* LaunchScreen.storyboard in Resources */,
				814130BC1CED88DE002A6CF3 /* Assets.xcassets in Resources */,
				814130BA1CED88DE002A6CF3 /* Main.storyboard in Resources */,
			);
			runOnlyForDeploymentPostprocessing = 0;
		};
/* End PBXResourcesBuildPhase section */

/* Begin PBXSourcesBuildPhase section */
		814130AD1CED88DE002A6CF3 /* Sources */ = {
			isa = PBXSourcesBuildPhase;
			buildActionMask = 2147483647;
			files = (
				814130B71CED88DE002A6CF3 /* ViewController.swift in Sources */,
				814130B51CED88DE002A6CF3 /* AppDelegate.swift in Sources */,
			);
			runOnlyForDeploymentPostprocessing = 0;
		};
/* End PBXSourcesBuildPhase section */

/* Begin PBXVariantGroup section */
		814130B81CED88DE002A6CF3 /* Main.storyboard */ = {
			isa = PBXVariantGroup;
			children = (
				814130B91CED88DE002A6CF3 /* Base */,
			);
			name = Main.storyboard;
			sourceTree = "<group>";
		};
		814130BD1CED88DE002A6CF3 /* LaunchScreen.storyboard */ = {
			isa = PBXVariantGroup;
			children = (
				814130BE1CED88DE002A6CF3 /* Base */,
			);
			name = LaunchScreen.storyboard;
			sourceTree = "<group>";
		};
/* End PBXVariantGroup section */

/* Begin XCBuildConfiguration section */
		814130C11CED88DE002A6CF3 /* Debug */ = {
			isa = XCBuildConfiguration;
			buildSettings = {
				ALWAYS_SEARCH_USER_PATHS = NO;
				CLANG_ANALYZER_LOCALIZABILITY_NONLOCALIZED = YES;
				CLANG_ANALYZER_NONNULL = YES;
				CLANG_CXX_LANGUAGE_STANDARD = "gnu++0x";
				CLANG_CXX_LIBRARY = "libc++";
				CLANG_ENABLE_MODULES = YES;
				CLANG_ENABLE_OBJC_ARC = YES;
				CLANG_WARN_BLOCK_CAPTURE_AUTORELEASING = YES;
				CLANG_WARN_BOOL_CONVERSION = YES;
				CLANG_WARN_COMMA = YES;
				CLANG_WARN_CONSTANT_CONVERSION = YES;
				CLANG_WARN_DEPRECATED_OBJC_IMPLEMENTATIONS = YES;
				CLANG_WARN_DIRECT_OBJC_ISA_USAGE = YES_ERROR;
				CLANG_WARN_EMPTY_BODY = YES;
				CLANG_WARN_ENUM_CONVERSION = YES;
				CLANG_WARN_INFINITE_RECURSION = YES;
				CLANG_WARN_INT_CONVERSION = YES;
				CLANG_WARN_NON_LITERAL_NULL_CONVERSION = YES;
				CLANG_WARN_OBJC_IMPLICIT_RETAIN_SELF = YES;
				CLANG_WARN_OBJC_LITERAL_CONVERSION = YES;
				CLANG_WARN_OBJC_ROOT_CLASS = YES_ERROR;
				CLANG_WARN_RANGE_LOOP_ANALYSIS = YES;
				CLANG_WARN_STRICT_PROTOTYPES = YES;
				CLANG_WARN_SUSPICIOUS_MOVE = YES;
				CLANG_WARN_UNREACHABLE_CODE = YES;
				CLANG_WARN__DUPLICATE_METHOD_MATCH = YES;
				"CODE_SIGN_IDENTITY[sdk=iphoneos*]" = "iPhone Developer";
				COPY_PHASE_STRIP = NO;
				DEBUG_INFORMATION_FORMAT = dwarf;
				ENABLE_STRICT_OBJC_MSGSEND = YES;
				ENABLE_TESTABILITY = YES;
				GCC_C_LANGUAGE_STANDARD = gnu99;
				GCC_DYNAMIC_NO_PIC = NO;
				GCC_NO_COMMON_BLOCKS = YES;
				GCC_OPTIMIZATION_LEVEL = 0;
				GCC_PREPROCESSOR_DEFINITIONS = (
					"DEBUG=1",
					"$(inherited)",
				);
				GCC_WARN_64_TO_32_BIT_CONVERSION = YES;
				GCC_WARN_ABOUT_RETURN_TYPE = YES_ERROR;
				GCC_WARN_UNDECLARED_SELECTOR = YES;
				GCC_WARN_UNINITIALIZED_AUTOS = YES_AGGRESSIVE;
				GCC_WARN_UNUSED_FUNCTION = YES;
				GCC_WARN_UNUSED_VARIABLE = YES;
				IPHONEOS_DEPLOYMENT_TARGET = 9.3;
				MTL_ENABLE_DEBUG_INFO = YES;
				ONLY_ACTIVE_ARCH = YES;
				SDKROOT = iphoneos;
				SWIFT_OPTIMIZATION_LEVEL = "-Onone";
			};
			name = Debug;
		};
		814130C21CED88DE002A6CF3 /* Release */ = {
			isa = XCBuildConfiguration;
			buildSettings = {
				ALWAYS_SEARCH_USER_PATHS = NO;
				CLANG_ANALYZER_LOCALIZABILITY_NONLOCALIZED = YES;
				CLANG_ANALYZER_NONNULL = YES;
				CLANG_CXX_LANGUAGE_STANDARD = "gnu++0x";
				CLANG_CXX_LIBRARY = "libc++";
				CLANG_ENABLE_MODULES = YES;
				CLANG_ENABLE_OBJC_ARC = YES;
				CLANG_WARN_BLOCK_CAPTURE_AUTORELEASING = YES;
				CLANG_WARN_BOOL_CONVERSION = YES;
				CLANG_WARN_COMMA = YES;
				CLANG_WARN_CONSTANT_CONVERSION = YES;
				CLANG_WARN_DEPRECATED_OBJC_IMPLEMENTATIONS = YES;
				CLANG_WARN_DIRECT_OBJC_ISA_USAGE = YES_ERROR;
				CLANG_WARN_EMPTY_BODY = YES;
				CLANG_WARN_ENUM_CONVERSION = YES;
				CLANG_WARN_INFINITE_RECURSION = YES;
				CLANG_WARN_INT_CONVERSION = YES;
				CLANG_WARN_NON_LITERAL_NULL_CONVERSION = YES;
				CLANG_WARN_OBJC_IMPLICIT_RETAIN_SELF = YES;
				CLANG_WARN_OBJC_LITERAL_CONVERSION = YES;
				CLANG_WARN_OBJC_ROOT_CLASS = YES_ERROR;
				CLANG_WARN_RANGE_LOOP_ANALYSIS = YES;
				CLANG_WARN_STRICT_PROTOTYPES = YES;
				CLANG_WARN_SUSPICIOUS_MOVE = YES;
				CLANG_WARN_UNREACHABLE_CODE = YES;
				CLANG_WARN__DUPLICATE_METHOD_MATCH = YES;
				"CODE_SIGN_IDENTITY[sdk=iphoneos*]" = "iPhone Developer";
				COPY_PHASE_STRIP = NO;
				DEBUG_INFORMATION_FORMAT = "dwarf-with-dsym";
				ENABLE_NS_ASSERTIONS = NO;
				ENABLE_STRICT_OBJC_MSGSEND = YES;
				GCC_C_LANGUAGE_STANDARD = gnu99;
				GCC_NO_COMMON_BLOCKS = YES;
				GCC_WARN_64_TO_32_BIT_CONVERSION = YES;
				GCC_WARN_ABOUT_RETURN_TYPE = YES_ERROR;
				GCC_WARN_UNDECLARED_SELECTOR = YES;
				GCC_WARN_UNINITIALIZED_AUTOS = YES_AGGRESSIVE;
				GCC_WARN_UNUSED_FUNCTION = YES;
				GCC_WARN_UNUSED_VARIABLE = YES;
				IPHONEOS_DEPLOYMENT_TARGET = 9.3;
				MTL_ENABLE_DEBUG_INFO = NO;
				SDKROOT = iphoneos;
				SWIFT_OPTIMIZATION_LEVEL = "-Owholemodule";
				VALIDATE_PRODUCT = YES;
			};
			name = Release;
		};
		814130C41CED88DE002A6CF3 /* Debug */ = {
			isa = XCBuildConfiguration;
			buildSettings = {
				ASSETCATALOG_COMPILER_APPICON_NAME = AppIcon;
				DEVELOPMENT_TEAM = 42G68NKSB6;
				INFOPLIST_FILE = ExUIProgressView/Info.plist;
				LD_RUNPATH_SEARCH_PATHS = "$(inherited) @executable_path/Frameworks";
				PRODUCT_BUNDLE_IDENTIFIER = tw.hsin.ExUIProgressView;
				PRODUCT_NAME = "$(TARGET_NAME)";
				SWIFT_SWIFT3_OBJC_INFERENCE = Default;
				SWIFT_VERSION = 5.0;
			};
			name = Debug;
		};
		814130C51CED88DE002A6CF3 /* Release */ = {
			isa = XCBuildConfiguration;
			buildSettings = {
				ASSETCATALOG_COMPILER_APPICON_NAME = AppIcon;
				DEVELOPMENT_TEAM = 42G68NKSB6;
				INFOPLIST_FILE = ExUIProgressView/Info.plist;
				LD_RUNPATH_SEARCH_PATHS = "$(inherited) @executable_path/Frameworks";
				PRODUCT_BUNDLE_IDENTIFIER = tw.hsin.ExUIProgressView;
				PRODUCT_NAME = "$(TARGET_NAME)";
				SWIFT_SWIFT3_OBJC_INFERENCE = Default;
				SWIFT_VERSION = 5.0;
			};
			name = Release;
		};
/* End XCBuildConfiguration section */

/* Begin XCConfigurationList section */
		814130AC1CED88DE002A6CF3 /* Build configuration list for PBXProject "ExUIProgressView" */ = {
			isa = XCConfigurationList;
			buildConfigurations = (
				814130C11CED88DE002A6CF3 /* Debug */,
				814130C21CED88DE002A6CF3 /* Release */,
			);
			defaultConfigurationIsVisible = 0;
			defaultConfigurationName = Release;
		};
		814130C31CED88DE002A6CF3 /* Build configuration list for PBXNativeTarget "ExUIProgressView" */ = {
			isa = XCConfigurationList;
			buildConfigurations = (
				814130C41CED88DE002A6CF3 /* Debug */,
				814130C51CED88DE002A6CF3 /* Release */,
			);
			defaultConfigurationIsVisible = 0;
			defaultConfigurationName = Release;
		};
/* End XCConfigurationList section */
	};
	rootObject = 814130A91CED88DE002A6CF3 /* Project object */;
}
