// !$*UTF8*$!
{
	archiveVersion = 1;
	classes = {
	};
	objectVersion = 46;
	objects = {

/* Begin PBXBuildFile section */
		81AA5D081CEC63E700EE3689 /* AppDelegate.swift in Sources */ = {isa = PBXBuildFile; fileRef = 81AA5D071CEC63E700EE3689 /* AppDelegate.swift */; };
		81AA5D0A1CEC63E700EE3689 /* ViewController.swift in Sources */ = {isa = PBXBuildFile; fileRef = 81AA5D091CEC63E700EE3689 /* ViewController.swift */; };
		81AA5D0D1CEC63E700EE3689 /* Main.storyboard in Resources */ = {isa = PBXBuildFile; fileRef = 81AA5D0B1CEC63E700EE3689 /* Main.storyboard */; };
		81AA5D0F1CEC63E700EE3689 /* Assets.xcassets in Resources */ = {isa = PBXBuildFile; fileRef = 81AA5D0E1CEC63E700EE3689 /* Assets.xcassets */; };
		81AA5D121CEC63E700EE3689 /* LaunchScreen.storyboard in Resources */ = {isa = PBXBuildFile; fileRef = 81AA5D101CEC63E700EE3689 /* LaunchScreen.storyboard */; };
/* End PBXBuildFile section */

/* Begin PBXFileReference section */
		81AA5D041CEC63E700EE3689 /* ExUISwitch.app */ = {isa = PBXFileReference; explicitFileType = wrapper.application; includeInIndex = 0; path = ExUISwitch.app; sourceTree = BUILT_PRODUCTS_DIR; };
		81AA5D071CEC63E700EE3689 /* AppDelegate.swift */ = {isa = PBXFileReference; lastKnownFileType = sourcecode.swift; path = AppDelegate.swift; sourceTree = "<group>"; };
		81AA5D091CEC63E700EE3689 /* ViewController.swift */ = {isa = PBXFileReference; lastKnownFileType = sourcecode.swift; path = ViewController.swift; sourceTree = "<group>"; };
		81AA5D0C1CEC63E700EE3689 /* Base */ = {isa = PBXFileReference; lastKnownFileType = file.storyboard; name = Base; path = Base.lproj/Main.storyboard; sourceTree = "<group>"; };
		81AA5D0E1CEC63E700EE3689 /* Assets.xcassets */ = {isa = PBXFileReference; lastKnownFileType = folder.assetcatalog; path = Assets.xcassets; sourceTree = "<group>"; };
		81AA5D111CEC63E700EE3689 /* Base */ = {isa = PBXFileReference; lastKnownFileType = file.storyboard; name = Base; path = Base.lproj/LaunchScreen.storyboard; sourceTree = "<group>"; };
		81AA5D131CEC63E700EE3689 /* Info.plist */ = {isa = PBXFileReference; lastKnownFileType = text.plist.xml; path = Info.plist; sourceTree = "<group>"; };
/* End PBXFileReference section */

/* Begin PBXFrameworksBuildPhase section */
		81AA5D011CEC63E700EE3689 /* Frameworks */ = {
			isa = PBXFrameworksBuildPhase;
			buildActionMask = 2147483647;
			files = (
			);
			runOnlyForDeploymentPostprocessing = 0;
		};
/* End PBXFrameworksBuildPhase section */

/* Begin PBXGroup section */
		81AA5CFB1CEC63E700EE3689 = {
			isa = PBXGroup;
			children = (
				81AA5D061CEC63E700EE3689 /* ExUISwitch */,
				81AA5D051CEC63E700EE3689 /* Products */,
			);
			sourceTree = "<group>";
		};
		81AA5D051CEC63E700EE3689 /* Products */ = {
			isa = PBXGroup;
			children = (
				81AA5D041CEC63E700EE3689 /* ExUISwitch.app */,
			);
			name = Products;
			sourceTree = "<group>";
		};
		81AA5D061CEC63E700EE3689 /* ExUISwitch */ = {
			isa = PBXGroup;
			children = (
				81AA5D071CEC63E700EE3689 /* AppDelegate.swift */,
				81AA5D091CEC63E700EE3689 /* ViewController.swift */,
				81AA5D0B1CEC63E700EE3689 /* Main.storyboard */,
				81AA5D0E1CEC63E700EE3689 /* Assets.xcassets */,
				81AA5D101CEC63E700EE3689 /* LaunchScreen.storyboard */,
				81AA5D131CEC63E700EE3689 /* Info.plist */,
			);
			path = ExUISwitch;
			sourceTree = "<group>";
		};
/* End PBXGroup section */

/* Begin PBXNativeTarget section */
		81AA5D031CEC63E700EE3689 /* ExUISwitch */ = {
			isa = PBXNativeTarget;
			buildConfigurationList = 81AA5D161CEC63E700EE3689 /* Build configuration list for PBXNativeTarget "ExUISwitch" */;
			buildPhases = (
				81AA5D001CEC63E700EE3689 /* Sources */,
				81AA5D011CEC63E700EE3689 /* Frameworks */,
				81AA5D021CEC63E700EE3689 /* Resources */,
			);
			buildRules = (
			);
			dependencies = (
			);
			name = ExUISwitch;
			productName = ExUISwitch;
			productReference = 81AA5D041CEC63E700EE3689 /* ExUISwitch.app */;
			productType = "com.apple.product-type.application";
		};
/* End PBXNativeTarget section */

/* Begin PBXProject section */
		81AA5CFC1CEC63E700EE3689 /* Project object */ = {
			isa = PBXProject;
			attributes = {
				LastSwiftUpdateCheck = 0730;
				LastUpgradeCheck = 1130;
				ORGANIZATIONNAME = hsin;
				TargetAttributes = {
					81AA5D031CEC63E700EE3689 = {
						CreatedOnToolsVersion = 7.3.1;
						DevelopmentTeam = 42G68NKSB6;
						LastSwiftMigration = 1130;
					};
				};
			};
			buildConfigurationList = 81AA5CFF1CEC63E700EE3689 /* Build configuration list for PBXProject "ExUISwitch" */;
			compatibilityVersion = "Xcode 3.2";
			developmentRegion = en;
			hasScannedForEncodings = 0;
			knownRegions = (
				en,
				Base,
			);
			mainGroup = 81AA5CFB1CEC63E700EE3689;
			productRefGroup = 81AA5D051CEC63E700EE3689 /* Products */;
			projectDirPath = "";
			projectRoot = "";
			targets = (
				81AA5D031CEC63E700EE3689 /* ExUISwitch */,
			);
		};
/* End PBXProject section */

/* Begin PBXResourcesBuildPhase section */
		81AA5D021CEC63E700EE3689 /* Resources */ = {
			isa = PBXResourcesBuildPhase;
			buildActionMask = 2147483647;
			files = (
				81AA5D121CEC63E700EE3689 /* LaunchScreen.storyboard in Resources */,
				81AA5D0F1CEC63E700EE3689 /* Assets.xcassets in Resources */,
				81AA5D0D1CEC63E700EE3689 /* Main.storyboard in Resources */,
			);
			runOnlyForDeploymentPostprocessing = 0;
		};
/* End PBXResourcesBuildPhase section */

/* Begin PBXSourcesBuildPhase section */
		81AA5D001CEC63E700EE3689 /* Sources */ = {
			isa = PBXSourcesBuildPhase;
			buildActionMask = 2147483647;
			files = (
				81AA5D0A1CEC63E700EE3689 /* ViewController.swift in Sources */,
				81AA5D081CEC63E700EE3689 /* AppDelegate.swift in Sources */,
			);
			runOnlyForDeploymentPostprocessing = 0;
		};
/* End PBXSourcesBuildPhase section */

/* Begin PBXVariantGroup section */
		81AA5D0B1CEC63E700EE3689 /* Main.storyboard */ = {
			isa = PBXVariantGroup;
			children = (
				81AA5D0C1CEC63E700EE3689 /* Base */,
			);
			name = Main.storyboard;
			sourceTree = "<group>";
		};
		81AA5D101CEC63E700EE3689 /* LaunchScreen.storyboard */ = {
			isa = PBXVariantGroup;
			children = (
				81AA5D111CEC63E700EE3689 /* Base */,
			);
			name = LaunchScreen.storyboard;
			sourceTree = "<group>";
		};
/* End PBXVariantGroup section */

/* Begin XCBuildConfiguration section */
		81AA5D141CEC63E700EE3689 /* Debug */ = {
			isa = XCBuildConfiguration;
			buildSettings = {
				ALWAYS_SEARCH_USER_PATHS = NO;
				CLANG_ANALYZER_LOCALIZABILITY_NONLOCALIZED = YES;
				CLANG_ANALYZER_NONNULL = YES;
				CLANG_CXX_LANGUAGE_STANDARD = "gnu++0x";
				CLANG_CXX_LIBRARY = "libc++";
				CLANG_ENABLE_MODULES = YES;
				CLANG_ENABLE_OBJC_ARC = YES;
				CLANG_WARN_BLOCK_CAPTURE_AUTORELEASING = YES;
				CLANG_WARN_BOOL_CONVERSION = YES;
				CLANG_WARN_COMMA = YES;
				CLANG_WARN_CONSTANT_CONVERSION = YES;
				CLANG_WARN_DEPRECATED_OBJC_IMPLEMENTATIONS = YES;
				CLANG_WARN_DIRECT_OBJC_ISA_USAGE = YES_ERROR;
				CLANG_WARN_EMPTY_BODY = YES;
				CLANG_WARN_ENUM_CONVERSION = YES;
				CLANG_WARN_INFINITE_RECURSION = YES;
				CLANG_WARN_INT_CONVERSION = YES;
				CLANG_WARN_NON_LITERAL_NULL_CONVERSION = YES;
				CLANG_WARN_OBJC_IMPLICIT_RETAIN_SELF = YES;
				CLANG_WARN_OBJC_LITERAL_CONVERSION = YES;
				CLANG_WARN_OBJC_ROOT_CLASS = YES_ERROR;
				CLANG_WARN_RANGE_LOOP_ANALYSIS = YES;
				CLANG_WARN_STRICT_PROTOTYPES = YES;
				CLANG_WARN_SUSPICIOUS_MOVE = YES;
				CLANG_WARN_UNREACHABLE_CODE = YES;
				CLANG_WARN__DUPLICATE_METHOD_MATCH = YES;
				"CODE_SIGN_IDENTITY[sdk=iphoneos*]" = "iPhone Developer";
				COPY_PHASE_STRIP = NO;
				DEBUG_INFORMATION_FORMAT = dwarf;
				ENABLE_STRICT_OBJC_MSGSEND = YES;
				ENABLE_TESTABILITY = YES;
				GCC_C_LANGUAGE_STANDARD = gnu99;
				GCC_DYNAMIC_NO_PIC = NO;
				GCC_NO_COMMON_BLOCKS = YES;
				GCC_OPTIMIZATION_LEVEL = 0;
				GCC_PREPROCESSOR_DEFINITIONS = (
					"DEBUG=1",
					"$(inherited)",
				);
				GCC_WARN_64_TO_32_BIT_CONVERSION = YES;
				GCC_WARN_ABOUT_RETURN_TYPE = YES_ERROR;
				GCC_WARN_UNDECLARED_SELECTOR = YES;
				GCC_WARN_UNINITIALIZED_AUTOS = YES_AGGRESSIVE;
				GCC_WARN_UNUSED_FUNCTION = YES;
				GCC_WARN_UNUSED_VARIABLE = YES;
				IPHONEOS_DEPLOYMENT_TARGET = 9.3;
				MTL_ENABLE_DEBUG_INFO = YES;
				ONLY_ACTIVE_ARCH = YES;
				SDKROOT = iphoneos;
				SWIFT_OPTIMIZATION_LEVEL = "-Onone";
			};
			name = Debug;
		};
		81AA5D151CEC63E700EE3689 /* Release */ = {
			isa = XCBuildConfiguration;
			buildSettings = {
				ALWAYS_SEARCH_USER_PATHS = NO;
				CLANG_ANALYZER_LOCALIZABILITY_NONLOCALIZED = YES;
				CLANG_ANALYZER_NONNULL = YES;
				CLANG_CXX_LANGUAGE_STANDARD = "gnu++0x";
				CLANG_CXX_LIBRARY = "libc++";
				CLANG_ENABLE_MODULES = YES;
				CLANG_ENABLE_OBJC_ARC = YES;
				CLANG_WARN_BLOCK_CAPTURE_AUTORELEASING = YES;
				CLANG_WARN_BOOL_CONVERSION = YES;
				CLANG_WARN_COMMA = YES;
				CLANG_WARN_CONSTANT_CONVERSION = YES;
				CLANG_WARN_DEPRECATED_OBJC_IMPLEMENTATIONS = YES;
				CLANG_WARN_DIRECT_OBJC_ISA_USAGE = YES_ERROR;
				CLANG_WARN_EMPTY_BODY = YES;
				CLANG_WARN_ENUM_CONVERSION = YES;
				CLANG_WARN_INFINITE_RECURSION = YES;
				CLANG_WARN_INT_CONVERSION = YES;
				CLANG_WARN_NON_LITERAL_NULL_CONVERSION = YES;
				CLANG_WARN_OBJC_IMPLICIT_RETAIN_SELF = YES;
				CLANG_WARN_OBJC_LITERAL_CONVERSION = YES;
				CLANG_WARN_OBJC_ROOT_CLASS = YES_ERROR;
				CLANG_WARN_RANGE_LOOP_ANALYSIS = YES;
				CLANG_WARN_STRICT_PROTOTYPES = YES;
				CLANG_WARN_SUSPICIOUS_MOVE = YES;
				CLANG_WARN_UNREACHABLE_CODE = YES;
				CLANG_WARN__DUPLICATE_METHOD_MATCH = YES;
				"CODE_SIGN_IDENTITY[sdk=iphoneos*]" = "iPhone Developer";
				COPY_PHASE_STRIP = NO;
				DEBUG_INFORMATION_FORMAT = "dwarf-with-dsym";
				ENABLE_NS_ASSERTIONS = NO;
				ENABLE_STRICT_OBJC_MSGSEND = YES;
				GCC_C_LANGUAGE_STANDARD = gnu99;
				GCC_NO_COMMON_BLOCKS = YES;
				GCC_WARN_64_TO_32_BIT_CONVERSION = YES;
				GCC_WARN_ABOUT_RETURN_TYPE = YES_ERROR;
				GCC_WARN_UNDECLARED_SELECTOR = YES;
				GCC_WARN_UNINITIALIZED_AUTOS = YES_AGGRESSIVE;
				GCC_WARN_UNUSED_FUNCTION = YES;
				GCC_WARN_UNUSED_VARIABLE = YES;
				IPHONEOS_DEPLOYMENT_TARGET = 9.3;
				MTL_ENABLE_DEBUG_INFO = NO;
				SDKROOT = iphoneos;
				SWIFT_OPTIMIZATION_LEVEL = "-Owholemodule";
				VALIDATE_PRODUCT = YES;
			};
			name = Release;
		};
		81AA5D171CEC63E700EE3689 /* Debug */ = {
			isa = XCBuildConfiguration;
			buildSettings = {
				ASSETCATALOG_COMPILER_APPICON_NAME = AppIcon;
				DEVELOPMENT_TEAM = 42G68NKSB6;
				INFOPLIST_FILE = ExUISwitch/Info.plist;
				LD_RUNPATH_SEARCH_PATHS = "$(inherited) @executable_path/Frameworks";
				PRODUCT_BUNDLE_IDENTIFIER = tw.hsin.ExUISwitch;
				PRODUCT_NAME = "$(TARGET_NAME)";
				SWIFT_SWIFT3_OBJC_INFERENCE = Default;
				SWIFT_VERSION = 5.0;
			};
			name = Debug;
		};
		81AA5D181CEC63E700EE3689 /* Release */ = {
			isa = XCBuildConfiguration;
			buildSettings = {
				ASSETCATALOG_COMPILER_APPICON_NAME = AppIcon;
				DEVELOPMENT_TEAM = 42G68NKSB6;
				INFOPLIST_FILE = ExUISwitch/Info.plist;
				LD_RUNPATH_SEARCH_PATHS = "$(inherited) @executable_path/Frameworks";
				PRODUCT_BUNDLE_IDENTIFIER = tw.hsin.ExUISwitch;
				PRODUCT_NAME = "$(TARGET_NAME)";
				SWIFT_SWIFT3_OBJC_INFERENCE = Default;
				SWIFT_VERSION = 5.0;
			};
			name = Release;
		};
/* End XCBuildConfiguration section */

/* Begin XCConfigurationList section */
		81AA5CFF1CEC63E700EE3689 /* Build configuration list for PBXProject "ExUISwitch" */ = {
			isa = XCConfigurationList;
			buildConfigurations = (
				81AA5D141CEC63E700EE3689 /* Debug */,
				81AA5D151CEC63E700EE3689 /* Release */,
			);
			defaultConfigurationIsVisible = 0;
			defaultConfigurationName = Release;
		};
		81AA5D161CEC63E700EE3689 /* Build configuration list for PBXNativeTarget "ExUISwitch" */ = {
			isa = XCConfigurationList;
			buildConfigurations = (
				81AA5D171CEC63E700EE3689 /* Debug */,
				81AA5D181CEC63E700EE3689 /* Release */,
			);
			defaultConfigurationIsVisible = 0;
			defaultConfigurationName = Release;
		};
/* End XCConfigurationList section */
	};
	rootObject = 81AA5CFC1CEC63E700EE3689 /* Project object */;
}
