// !$*UTF8*$!
{
	archiveVersion = 1;
	classes = {
	};
	objectVersion = 46;
	objects = {

/* Begin PBXBuildFile section */
		819FA3101CE9A239009F59AD /* AppDelegate.swift in Sources */ = {isa = PBXBuildFile; fileRef = 819FA30F1CE9A239009F59AD /* AppDelegate.swift */; };
		819FA3121CE9A239009F59AD /* ViewController.swift in Sources */ = {isa = PBXBuildFile; fileRef = 819FA3111CE9A239009F59AD /* ViewController.swift */; };
		819FA3151CE9A239009F59AD /* Main.storyboard in Resources */ = {isa = PBXBuildFile; fileRef = 819FA3131CE9A239009F59AD /* Main.storyboard */; };
		819FA3171CE9A239009F59AD /* Assets.xcassets in Resources */ = {isa = PBXBuildFile; fileRef = 819FA3161CE9A239009F59AD /* Assets.xcassets */; };
		819FA31A1CE9A239009F59AD /* LaunchScreen.storyboard in Resources */ = {isa = PBXBuildFile; fileRef = 819FA3181CE9A239009F59AD /* LaunchScreen.storyboard */; };
/* End PBXBuildFile section */

/* Begin PBXFileReference section */
		819FA30C1CE9A239009F59AD /* ExUIButton.app */ = {isa = PBXFileReference; explicitFileType = wrapper.application; includeInIndex = 0; path = ExUIButton.app; sourceTree = BUILT_PRODUCTS_DIR; };
		819FA30F1CE9A239009F59AD /* AppDelegate.swift */ = {isa = PBXFileReference; lastKnownFileType = sourcecode.swift; path = AppDelegate.swift; sourceTree = "<group>"; };
		819FA3111CE9A239009F59AD /* ViewController.swift */ = {isa = PBXFileReference; lastKnownFileType = sourcecode.swift; path = ViewController.swift; sourceTree = "<group>"; };
		819FA3141CE9A239009F59AD /* Base */ = {isa = PBXFileReference; lastKnownFileType = file.storyboard; name = Base; path = Base.lproj/Main.storyboard; sourceTree = "<group>"; };
		819FA3161CE9A239009F59AD /* Assets.xcassets */ = {isa = PBXFileReference; lastKnownFileType = folder.assetcatalog; path = Assets.xcassets; sourceTree = "<group>"; };
		819FA3191CE9A239009F59AD /* Base */ = {isa = PBXFileReference; lastKnownFileType = file.storyboard; name = Base; path = Base.lproj/LaunchScreen.storyboard; sourceTree = "<group>"; };
		819FA31B1CE9A239009F59AD /* Info.plist */ = {isa = PBXFileReference; lastKnownFileType = text.plist.xml; path = Info.plist; sourceTree = "<group>"; };
/* End PBXFileReference section */

/* Begin PBXFrameworksBuildPhase section */
		819FA3091CE9A239009F59AD /* Frameworks */ = {
			isa = PBXFrameworksBuildPhase;
			buildActionMask = 2147483647;
			files = (
			);
			runOnlyForDeploymentPostprocessing = 0;
		};
/* End PBXFrameworksBuildPhase section */

/* Begin PBXGroup section */
		819FA3031CE9A239009F59AD = {
			isa = PBXGroup;
			children = (
				819FA30E1CE9A239009F59AD /* ExUIButton */,
				819FA30D1CE9A239009F59AD /* Products */,
			);
			sourceTree = "<group>";
		};
		819FA30D1CE9A239009F59AD /* Products */ = {
			isa = PBXGroup;
			children = (
				819FA30C1CE9A239009F59AD /* ExUIButton.app */,
			);
			name = Products;
			sourceTree = "<group>";
		};
		819FA30E1CE9A239009F59AD /* ExUIButton */ = {
			isa = PBXGroup;
			children = (
				819FA30F1CE9A239009F59AD /* AppDelegate.swift */,
				819FA3111CE9A239009F59AD /* ViewController.swift */,
				819FA3131CE9A239009F59AD /* Main.storyboard */,
				819FA3161CE9A239009F59AD /* Assets.xcassets */,
				819FA3181CE9A239009F59AD /* LaunchScreen.storyboard */,
				819FA31B1CE9A239009F59AD /* Info.plist */,
			);
			path = ExUIButton;
			sourceTree = "<group>";
		};
/* End PBXGroup section */

/* Begin PBXNativeTarget section */
		819FA30B1CE9A239009F59AD /* ExUIButton */ = {
			isa = PBXNativeTarget;
			buildConfigurationList = 819FA31E1CE9A239009F59AD /* Build configuration list for PBXNativeTarget "ExUIButton" */;
			buildPhases = (
				819FA3081CE9A239009F59AD /* Sources */,
				819FA3091CE9A239009F59AD /* Frameworks */,
				819FA30A1CE9A239009F59AD /* Resources */,
			);
			buildRules = (
			);
			dependencies = (
			);
			name = ExUIButton;
			productName = ExUIButton;
			productReference = 819FA30C1CE9A239009F59AD /* ExUIButton.app */;
			productType = "com.apple.product-type.application";
		};
/* End PBXNativeTarget section */

/* Begin PBXProject section */
		819FA3041CE9A239009F59AD /* Project object */ = {
			isa = PBXProject;
			attributes = {
				LastSwiftUpdateCheck = 0730;
				LastUpgradeCheck = 1130;
				ORGANIZATIONNAME = hsin;
				TargetAttributes = {
					819FA30B1CE9A239009F59AD = {
						CreatedOnToolsVersion = 7.3.1;
						DevelopmentTeam = 42G68NKSB6;
						LastSwiftMigration = 1130;
					};
				};
			};
			buildConfigurationList = 819FA3071CE9A239009F59AD /* Build configuration list for PBXProject "ExUIButton" */;
			compatibilityVersion = "Xcode 3.2";
			developmentRegion = en;
			hasScannedForEncodings = 0;
			knownRegions = (
				en,
				Base,
			);
			mainGroup = 819FA3031CE9A239009F59AD;
			productRefGroup = 819FA30D1CE9A239009F59AD /* Products */;
			projectDirPath = "";
			projectRoot = "";
			targets = (
				819FA30B1CE9A239009F59AD /* ExUIButton */,
			);
		};
/* End PBXProject section */

/* Begin PBXResourcesBuildPhase section */
		819FA30A1CE9A239009F59AD /* Resources */ = {
			isa = PBXResourcesBuildPhase;
			buildActionMask = 2147483647;
			files = (
				819FA31A1CE9A239009F59AD /* LaunchScreen.storyboard in Resources */,
				819FA3171CE9A239009F59AD /* Assets.xcassets in Resources */,
				819FA3151CE9A239009F59AD /* Main.storyboard in Resources */,
			);
			runOnlyForDeploymentPostprocessing = 0;
		};
/* End PBXResourcesBuildPhase section */

/* Begin PBXSourcesBuildPhase section */
		819FA3081CE9A239009F59AD /* Sources */ = {
			isa = PBXSourcesBuildPhase;
			buildActionMask = 2147483647;
			files = (
				819FA3121CE9A239009F59AD /* ViewController.swift in Sources */,
				819FA3101CE9A239009F59AD /* AppDelegate.swift in Sources */,
			);
			runOnlyForDeploymentPostprocessing = 0;
		};
/* End PBXSourcesBuildPhase section */

/* Begin PBXVariantGroup section */
		819FA3131CE9A239009F59AD /* Main.storyboard */ = {
			isa = PBXVariantGroup;
			children = (
				819FA3141CE9A239009F59AD /* Base */,
			);
			name = Main.storyboard;
			sourceTree = "<group>";
		};
		819FA3181CE9A239009F59AD /* LaunchScreen.storyboard */ = {
			isa = PBXVariantGroup;
			children = (
				819FA3191CE9A239009F59AD /* Base */,
			);
			name = LaunchScreen.storyboard;
			sourceTree = "<group>";
		};
/* End PBXVariantGroup section */

/* Begin XCBuildConfiguration section */
		819FA31C1CE9A239009F59AD /* Debug */ = {
			isa = XCBuildConfiguration;
			buildSettings = {
				ALWAYS_SEARCH_USER_PATHS = NO;
				CLANG_ANALYZER_LOCALIZABILITY_NONLOCALIZED = YES;
				CLANG_ANALYZER_NONNULL = YES;
				CLANG_CXX_LANGUAGE_STANDARD = "gnu++0x";
				CLANG_CXX_LIBRARY = "libc++";
				CLANG_ENABLE_MODULES = YES;
				CLANG_ENABLE_OBJC_ARC = YES;
				CLANG_WARN_BLOCK_CAPTURE_AUTORELEASING = YES;
				CLANG_WARN_BOOL_CONVERSION = YES;
				CLANG_WARN_COMMA = YES;
				CLANG_WARN_CONSTANT_CONVERSION = YES;
				CLANG_WARN_DEPRECATED_OBJC_IMPLEMENTATIONS = YES;
				CLANG_WARN_DIRECT_OBJC_ISA_USAGE = YES_ERROR;
				CLANG_WARN_EMPTY_BODY = YES;
				CLANG_WARN_ENUM_CONVERSION = YES;
				CLANG_WARN_INFINITE_RECURSION = YES;
				CLANG_WARN_INT_CONVERSION = YES;
				CLANG_WARN_NON_LITERAL_NULL_CONVERSION = YES;
				CLANG_WARN_OBJC_IMPLICIT_RETAIN_SELF = YES;
				CLANG_WARN_OBJC_LITERAL_CONVERSION = YES;
				CLANG_WARN_OBJC_ROOT_CLASS = YES_ERROR;
				CLANG_WARN_RANGE_LOOP_ANALYSIS = YES;
				CLANG_WARN_STRICT_PROTOTYPES = YES;
				CLANG_WARN_SUSPICIOUS_MOVE = YES;
				CLANG_WARN_UNREACHABLE_CODE = YES;
				CLANG_WARN__DUPLICATE_METHOD_MATCH = YES;
				"CODE_SIGN_IDENTITY[sdk=iphoneos*]" = "iPhone Developer";
				COPY_PHASE_STRIP = NO;
				DEBUG_INFORMATION_FORMAT = dwarf;
				ENABLE_STRICT_OBJC_MSGSEND = YES;
				ENABLE_TESTABILITY = YES;
				GCC_C_LANGUAGE_STANDARD = gnu99;
				GCC_DYNAMIC_NO_PIC = NO;
				GCC_NO_COMMON_BLOCKS = YES;
				GCC_OPTIMIZATION_LEVEL = 0;
				GCC_PREPROCESSOR_DEFINITIONS = (
					"DEBUG=1",
					"$(inherited)",
				);
				GCC_WARN_64_TO_32_BIT_CONVERSION = YES;
				GCC_WARN_ABOUT_RETURN_TYPE = YES_ERROR;
				GCC_WARN_UNDECLARED_SELECTOR = YES;
				GCC_WARN_UNINITIALIZED_AUTOS = YES_AGGRESSIVE;
				GCC_WARN_UNUSED_FUNCTION = YES;
				GCC_WARN_UNUSED_VARIABLE = YES;
				IPHONEOS_DEPLOYMENT_TARGET = 9.3;
				MTL_ENABLE_DEBUG_INFO = YES;
				ONLY_ACTIVE_ARCH = YES;
				SDKROOT = iphoneos;
				SWIFT_OPTIMIZATION_LEVEL = "-Onone";
			};
			name = Debug;
		};
		819FA31D1CE9A239009F59AD /* Release */ = {
			isa = XCBuildConfiguration;
			buildSettings = {
				ALWAYS_SEARCH_USER_PATHS = NO;
				CLANG_ANALYZER_LOCALIZABILITY_NONLOCALIZED = YES;
				CLANG_ANALYZER_NONNULL = YES;
				CLANG_CXX_LANGUAGE_STANDARD = "gnu++0x";
				CLANG_CXX_LIBRARY = "libc++";
				CLANG_ENABLE_MODULES = YES;
				CLANG_ENABLE_OBJC_ARC = YES;
				CLANG_WARN_BLOCK_CAPTURE_AUTORELEASING = YES;
				CLANG_WARN_BOOL_CONVERSION = YES;
				CLANG_WARN_COMMA = YES;
				CLANG_WARN_CONSTANT_CONVERSION = YES;
				CLANG_WARN_DEPRECATED_OBJC_IMPLEMENTATIONS = YES;
				CLANG_WARN_DIRECT_OBJC_ISA_USAGE = YES_ERROR;
				CLANG_WARN_EMPTY_BODY = YES;
				CLANG_WARN_ENUM_CONVERSION = YES;
				CLANG_WARN_INFINITE_RECURSION = YES;
				CLANG_WARN_INT_CONVERSION = YES;
				CLANG_WARN_NON_LITERAL_NULL_CONVERSION = YES;
				CLANG_WARN_OBJC_IMPLICIT_RETAIN_SELF = YES;
				CLANG_WARN_OBJC_LITERAL_CONVERSION = YES;
				CLANG_WARN_OBJC_ROOT_CLASS = YES_ERROR;
				CLANG_WARN_RANGE_LOOP_ANALYSIS = YES;
				CLANG_WARN_STRICT_PROTOTYPES = YES;
				CLANG_WARN_SUSPICIOUS_MOVE = YES;
				CLANG_WARN_UNREACHABLE_CODE = YES;
				CLANG_WARN__DUPLICATE_METHOD_MATCH = YES;
				"CODE_SIGN_IDENTITY[sdk=iphoneos*]" = "iPhone Developer";
				COPY_PHASE_STRIP = NO;
				DEBUG_INFORMATION_FORMAT = "dwarf-with-dsym";
				ENABLE_NS_ASSERTIONS = NO;
				ENABLE_STRICT_OBJC_MSGSEND = YES;
				GCC_C_LANGUAGE_STANDARD = gnu99;
				GCC_NO_COMMON_BLOCKS = YES;
				GCC_WARN_64_TO_32_BIT_CONVERSION = YES;
				GCC_WARN_ABOUT_RETURN_TYPE = YES_ERROR;
				GCC_WARN_UNDECLARED_SELECTOR = YES;
				GCC_WARN_UNINITIALIZED_AUTOS = YES_AGGRESSIVE;
				GCC_WARN_UNUSED_FUNCTION = YES;
				GCC_WARN_UNUSED_VARIABLE = YES;
				IPHONEOS_DEPLOYMENT_TARGET = 9.3;
				MTL_ENABLE_DEBUG_INFO = NO;
				SDKROOT = iphoneos;
				SWIFT_OPTIMIZATION_LEVEL = "-Owholemodule";
				VALIDATE_PRODUCT = YES;
			};
			name = Release;
		};
		819FA31F1CE9A239009F59AD /* Debug */ = {
			isa = XCBuildConfiguration;
			buildSettings = {
				ASSETCATALOG_COMPILER_APPICON_NAME = AppIcon;
				DEVELOPMENT_TEAM = 42G68NKSB6;
				INFOPLIST_FILE = ExUIButton/Info.plist;
				LD_RUNPATH_SEARCH_PATHS = "$(inherited) @executable_path/Frameworks";
				PRODUCT_BUNDLE_IDENTIFIER = tw.hsin.ExUIButton;
				PRODUCT_NAME = "$(TARGET_NAME)";
				SWIFT_SWIFT3_OBJC_INFERENCE = Default;
				SWIFT_VERSION = 5.0;
			};
			name = Debug;
		};
		819FA3201CE9A239009F59AD /* Release */ = {
			isa = XCBuildConfiguration;
			buildSettings = {
				ASSETCATALOG_COMPILER_APPICON_NAME = AppIcon;
				DEVELOPMENT_TEAM = 42G68NKSB6;
				INFOPLIST_FILE = ExUIButton/Info.plist;
				LD_RUNPATH_SEARCH_PATHS = "$(inherited) @executable_path/Frameworks";
				PRODUCT_BUNDLE_IDENTIFIER = tw.hsin.ExUIButton;
				PRODUCT_NAME = "$(TARGET_NAME)";
				SWIFT_SWIFT3_OBJC_INFERENCE = Default;
				SWIFT_VERSION = 5.0;
			};
			name = Release;
		};
/* End XCBuildConfiguration section */

/* Begin XCConfigurationList section */
		819FA3071CE9A239009F59AD /* Build configuration list for PBXProject "ExUIButton" */ = {
			isa = XCConfigurationList;
			buildConfigurations = (
				819FA31C1CE9A239009F59AD /* Debug */,
				819FA31D1CE9A239009F59AD /* Release */,
			);
			defaultConfigurationIsVisible = 0;
			defaultConfigurationName = Release;
		};
		819FA31E1CE9A239009F59AD /* Build configuration list for PBXNativeTarget "ExUIButton" */ = {
			isa = XCConfigurationList;
			buildConfigurations = (
				819FA31F1CE9A239009F59AD /* Debug */,
				819FA3201CE9A239009F59AD /* Release */,
			);
			defaultConfigurationIsVisible = 0;
			defaultConfigurationName = Release;
		};
/* End XCConfigurationList section */
	};
	rootObject = 819FA3041CE9A239009F59AD /* Project object */;
}
