// !$*UTF8*$!
{
	archiveVersion = 1;
	classes = {
	};
	objectVersion = 46;
	objects = {

/* Begin PBXBuildFile section */
		8196BEFC1D0FE7BF003F76D9 /* AppDelegate.swift in Sources */ = {isa = PBXBuildFile; fileRef = 8196BEFB1D0FE7BF003F76D9 /* AppDelegate.swift */; };
		8196BEFE1D0FE7BF003F76D9 /* ViewController.swift in Sources */ = {isa = PBXBuildFile; fileRef = 8196BEFD1D0FE7BF003F76D9 /* ViewController.swift */; };
		8196BF041D0FE7BF003F76D9 /* ToDo.xcdatamodeld in Sources */ = {isa = PBXBuildFile; fileRef = 8196BF021D0FE7BF003F76D9 /* ToDo.xcdatamodeld */; };
		8196BF061D0FE7BF003F76D9 /* Assets.xcassets in Resources */ = {isa = PBXBuildFile; fileRef = 8196BF051D0FE7BF003F76D9 /* Assets.xcassets */; };
		81C6E8461D13B2E100EA259C /* bottle_pop_3.wav in Resources */ = {isa = PBXBuildFile; fileRef = 81C6E8451D13B2E100EA259C /* bottle_pop_3.wav */; };
		81C6E8481D13B43900EA259C /* what-2.wav in Resources */ = {isa = PBXBuildFile; fileRef = 81C6E8471D13B43900EA259C /* what-2.wav */; };
		81C6E84A1D13BAB900EA259C /* BaseViewController.swift in Sources */ = {isa = PBXBuildFile; fileRef = 81C6E8491D13BAB900EA259C /* BaseViewController.swift */; };
		81C6E84E1D13CD2E00EA259C /* cutting-paper-2.mp3 in Resources */ = {isa = PBXBuildFile; fileRef = 81C6E84D1D13CD2E00EA259C /* cutting-paper-2.mp3 */; };
		81C6E8501D13D40300EA259C /* MoreViewController.swift in Sources */ = {isa = PBXBuildFile; fileRef = 81C6E84F1D13D40300EA259C /* MoreViewController.swift */; };
		81C6E8521D13DC5400EA259C /* ChechedRecordsViewController.swift in Sources */ = {isa = PBXBuildFile; fileRef = 81C6E8511D13DC5400EA259C /* ChechedRecordsViewController.swift */; };
		81FAB5EE1D1285DF00663237 /* Record+CoreDataProperties.swift in Sources */ = {isa = PBXBuildFile; fileRef = 81FAB5EC1D1285DF00663237 /* Record+CoreDataProperties.swift */; };
		81FAB5EF1D1285DF00663237 /* Record.swift in Sources */ = {isa = PBXBuildFile; fileRef = 81FAB5ED1D1285DF00663237 /* Record.swift */; };
		81FAB5F11D12861900663237 /* CoreDataConnect.swift in Sources */ = {isa = PBXBuildFile; fileRef = 81FAB5F01D12861900663237 /* CoreDataConnect.swift */; };
		81FAB5FC1D128E9500663237 /* check.png in Resources */ = {isa = PBXBuildFile; fileRef = 81FAB5F31D128E9500663237 /* check.png */; };
		81FAB5FD1D128E9500663237 /* check@2x.png in Resources */ = {isa = PBXBuildFile; fileRef = 81FAB5F41D128E9500663237 /* check@2x.png */; };
		81FAB5FE1D128E9500663237 /* check@3x.png in Resources */ = {isa = PBXBuildFile; fileRef = 81FAB5F51D128E9500663237 /* check@3x.png */; };
		81FAB5FF1D128E9500663237 /* checkbox.png in Resources */ = {isa = PBXBuildFile; fileRef = 81FAB5F61D128E9500663237 /* checkbox.png */; };
		81FAB6001D128E9500663237 /* checkbox@2x.png in Resources */ = {isa = PBXBuildFile; fileRef = 81FAB5F71D128E9500663237 /* checkbox@2x.png */; };
		81FAB6011D128E9500663237 /* checkbox@3x.png in Resources */ = {isa = PBXBuildFile; fileRef = 81FAB5F81D128E9500663237 /* checkbox@3x.png */; };
		81FAB6021D128E9500663237 /* more.png in Resources */ = {isa = PBXBuildFile; fileRef = 81FAB5F91D128E9500663237 /* more.png */; };
		81FAB6031D128E9500663237 /* more@2x.png in Resources */ = {isa = PBXBuildFile; fileRef = 81FAB5FA1D128E9500663237 /* more@2x.png */; };
		81FAB6041D128E9500663237 /* more@3x.png in Resources */ = {isa = PBXBuildFile; fileRef = 81FAB5FB1D128E9500663237 /* more@3x.png */; };
		81FAB6091D12A78700663237 /* woohoo.wav in Resources */ = {isa = PBXBuildFile; fileRef = 81FAB6071D12A78700663237 /* woohoo.wav */; };
/* End PBXBuildFile section */

/* Begin PBXFileReference section */
		8196BEF81D0FE7BF003F76D9 /* ToDo.app */ = {isa = PBXFileReference; explicitFileType = wrapper.application; includeInIndex = 0; path = ToDo.app; sourceTree = BUILT_PRODUCTS_DIR; };
		8196BEFB1D0FE7BF003F76D9 /* AppDelegate.swift */ = {isa = PBXFileReference; lastKnownFileType = sourcecode.swift; path = AppDelegate.swift; sourceTree = "<group>"; };
		8196BEFD1D0FE7BF003F76D9 /* ViewController.swift */ = {isa = PBXFileReference; lastKnownFileType = sourcecode.swift; path = ViewController.swift; sourceTree = "<group>"; };
		8196BF031D0FE7BF003F76D9 /* ToDo.xcdatamodel */ = {isa = PBXFileReference; lastKnownFileType = wrapper.xcdatamodel; path = ToDo.xcdatamodel; sourceTree = "<group>"; };
		8196BF051D0FE7BF003F76D9 /* Assets.xcassets */ = {isa = PBXFileReference; lastKnownFileType = folder.assetcatalog; path = Assets.xcassets; sourceTree = "<group>"; };
		8196BF0A1D0FE7BF003F76D9 /* Info.plist */ = {isa = PBXFileReference; lastKnownFileType = text.plist.xml; path = Info.plist; sourceTree = "<group>"; };
		81C6E8451D13B2E100EA259C /* bottle_pop_3.wav */ = {isa = PBXFileReference; lastKnownFileType = audio.wav; path = bottle_pop_3.wav; sourceTree = "<group>"; };
		81C6E8471D13B43900EA259C /* what-2.wav */ = {isa = PBXFileReference; lastKnownFileType = audio.wav; path = "what-2.wav"; sourceTree = "<group>"; };
		81C6E8491D13BAB900EA259C /* BaseViewController.swift */ = {isa = PBXFileReference; fileEncoding = 4; lastKnownFileType = sourcecode.swift; path = BaseViewController.swift; sourceTree = "<group>"; };
		81C6E84D1D13CD2E00EA259C /* cutting-paper-2.mp3 */ = {isa = PBXFileReference; lastKnownFileType = audio.mp3; path = "cutting-paper-2.mp3"; sourceTree = "<group>"; };
		81C6E84F1D13D40300EA259C /* MoreViewController.swift */ = {isa = PBXFileReference; fileEncoding = 4; lastKnownFileType = sourcecode.swift; path = MoreViewController.swift; sourceTree = "<group>"; };
		81C6E8511D13DC5400EA259C /* ChechedRecordsViewController.swift */ = {isa = PBXFileReference; fileEncoding = 4; lastKnownFileType = sourcecode.swift; path = ChechedRecordsViewController.swift; sourceTree = "<group>"; };
		81FAB5EC1D1285DF00663237 /* Record+CoreDataProperties.swift */ = {isa = PBXFileReference; fileEncoding = 4; lastKnownFileType = sourcecode.swift; path = "Record+CoreDataProperties.swift"; sourceTree = "<group>"; };
		81FAB5ED1D1285DF00663237 /* Record.swift */ = {isa = PBXFileReference; fileEncoding = 4; lastKnownFileType = sourcecode.swift; path = Record.swift; sourceTree = "<group>"; };
		81FAB5F01D12861900663237 /* CoreDataConnect.swift */ = {isa = PBXFileReference; fileEncoding = 4; lastKnownFileType = sourcecode.swift; path = CoreDataConnect.swift; sourceTree = "<group>"; };
		81FAB5F31D128E9500663237 /* check.png */ = {isa = PBXFileReference; lastKnownFileType = image.png; path = check.png; sourceTree = "<group>"; };
		81FAB5F41D128E9500663237 /* check@2x.png */ = {isa = PBXFileReference; lastKnownFileType = image.png; path = "check@2x.png"; sourceTree = "<group>"; };
		81FAB5F51D128E9500663237 /* check@3x.png */ = {isa = PBXFileReference; lastKnownFileType = image.png; path = "check@3x.png"; sourceTree = "<group>"; };
		81FAB5F61D128E9500663237 /* checkbox.png */ = {isa = PBXFileReference; lastKnownFileType = image.png; path = checkbox.png; sourceTree = "<group>"; };
		81FAB5F71D128E9500663237 /* checkbox@2x.png */ = {isa = PBXFileReference; lastKnownFileType = image.png; path = "checkbox@2x.png"; sourceTree = "<group>"; };
		81FAB5F81D128E9500663237 /* checkbox@3x.png */ = {isa = PBXFileReference; lastKnownFileType = image.png; path = "checkbox@3x.png"; sourceTree = "<group>"; };
		81FAB5F91D128E9500663237 /* more.png */ = {isa = PBXFileReference; lastKnownFileType = image.png; path = more.png; sourceTree = "<group>"; };
		81FAB5FA1D128E9500663237 /* more@2x.png */ = {isa = PBXFileReference; lastKnownFileType = image.png; path = "more@2x.png"; sourceTree = "<group>"; };
		81FAB5FB1D128E9500663237 /* more@3x.png */ = {isa = PBXFileReference; lastKnownFileType = image.png; path = "more@3x.png"; sourceTree = "<group>"; };
		81FAB6071D12A78700663237 /* woohoo.wav */ = {isa = PBXFileReference; lastKnownFileType = audio.wav; path = woohoo.wav; sourceTree = "<group>"; };
/* End PBXFileReference section */

/* Begin PBXFrameworksBuildPhase section */
		8196BEF51D0FE7BF003F76D9 /* Frameworks */ = {
			isa = PBXFrameworksBuildPhase;
			buildActionMask = 2147483647;
			files = (
			);
			runOnlyForDeploymentPostprocessing = 0;
		};
/* End PBXFrameworksBuildPhase section */

/* Begin PBXGroup section */
		8196BEEF1D0FE7BF003F76D9 = {
			isa = PBXGroup;
			children = (
				81FAB5EC1D1285DF00663237 /* Record+CoreDataProperties.swift */,
				81FAB5ED1D1285DF00663237 /* Record.swift */,
				8196BEFA1D0FE7BF003F76D9 /* ToDo */,
				8196BEF91D0FE7BF003F76D9 /* Products */,
			);
			sourceTree = "<group>";
		};
		8196BEF91D0FE7BF003F76D9 /* Products */ = {
			isa = PBXGroup;
			children = (
				8196BEF81D0FE7BF003F76D9 /* ToDo.app */,
			);
			name = Products;
			sourceTree = "<group>";
		};
		8196BEFA1D0FE7BF003F76D9 /* ToDo */ = {
			isa = PBXGroup;
			children = (
				8196BEFB1D0FE7BF003F76D9 /* AppDelegate.swift */,
				81C6E8491D13BAB900EA259C /* BaseViewController.swift */,
				8196BEFD1D0FE7BF003F76D9 /* ViewController.swift */,
				81C6E84F1D13D40300EA259C /* MoreViewController.swift */,
				81C6E8511D13DC5400EA259C /* ChechedRecordsViewController.swift */,
				8196BF051D0FE7BF003F76D9 /* Assets.xcassets */,
				81FAB5F21D128E9500663237 /* icons */,
				81FAB6051D12A78700663237 /* sounds */,
				8196BF0A1D0FE7BF003F76D9 /* Info.plist */,
				8196BF021D0FE7BF003F76D9 /* ToDo.xcdatamodeld */,
				81FAB5F01D12861900663237 /* CoreDataConnect.swift */,
			);
			path = ToDo;
			sourceTree = "<group>";
		};
		81FAB5F21D128E9500663237 /* icons */ = {
			isa = PBXGroup;
			children = (
				81FAB5F31D128E9500663237 /* check.png */,
				81FAB5F41D128E9500663237 /* check@2x.png */,
				81FAB5F51D128E9500663237 /* check@3x.png */,
				81FAB5F61D128E9500663237 /* checkbox.png */,
				81FAB5F71D128E9500663237 /* checkbox@2x.png */,
				81FAB5F81D128E9500663237 /* checkbox@3x.png */,
				81FAB5F91D128E9500663237 /* more.png */,
				81FAB5FA1D128E9500663237 /* more@2x.png */,
				81FAB5FB1D128E9500663237 /* more@3x.png */,
			);
			path = icons;
			sourceTree = "<group>";
		};
		81FAB6051D12A78700663237 /* sounds */ = {
			isa = PBXGroup;
			children = (
				81C6E84D1D13CD2E00EA259C /* cutting-paper-2.mp3 */,
				81C6E8471D13B43900EA259C /* what-2.wav */,
				81C6E8451D13B2E100EA259C /* bottle_pop_3.wav */,
				81FAB6071D12A78700663237 /* woohoo.wav */,
			);
			name = sounds;
			path = icons/sounds;
			sourceTree = "<group>";
		};
/* End PBXGroup section */

/* Begin PBXNativeTarget section */
		8196BEF71D0FE7BF003F76D9 /* ToDo */ = {
			isa = PBXNativeTarget;
			buildConfigurationList = 8196BF0D1D0FE7BF003F76D9 /* Build configuration list for PBXNativeTarget "ToDo" */;
			buildPhases = (
				8196BEF41D0FE7BF003F76D9 /* Sources */,
				8196BEF51D0FE7BF003F76D9 /* Frameworks */,
				8196BEF61D0FE7BF003F76D9 /* Resources */,
			);
			buildRules = (
			);
			dependencies = (
			);
			name = ToDo;
			productName = ToDo;
			productReference = 8196BEF81D0FE7BF003F76D9 /* ToDo.app */;
			productType = "com.apple.product-type.application";
		};
/* End PBXNativeTarget section */

/* Begin PBXProject section */
		8196BEF01D0FE7BF003F76D9 /* Project object */ = {
			isa = PBXProject;
			attributes = {
				LastSwiftUpdateCheck = 0730;
				LastUpgradeCheck = 1130;
				ORGANIZATIONNAME = hsin;
				TargetAttributes = {
					8196BEF71D0FE7BF003F76D9 = {
						CreatedOnToolsVersion = 7.3.1;
						DevelopmentTeam = 42G68NKSB6;
						LastSwiftMigration = 1130;
					};
				};
			};
			buildConfigurationList = 8196BEF31D0FE7BF003F76D9 /* Build configuration list for PBXProject "ToDo" */;
			compatibilityVersion = "Xcode 3.2";
			developmentRegion = en;
			hasScannedForEncodings = 0;
			knownRegions = (
				en,
				Base,
			);
			mainGroup = 8196BEEF1D0FE7BF003F76D9;
			productRefGroup = 8196BEF91D0FE7BF003F76D9 /* Products */;
			projectDirPath = "";
			projectRoot = "";
			targets = (
				8196BEF71D0FE7BF003F76D9 /* ToDo */,
			);
		};
/* End PBXProject section */

/* Begin PBXResourcesBuildPhase section */
		8196BEF61D0FE7BF003F76D9 /* Resources */ = {
			isa = PBXResourcesBuildPhase;
			buildActionMask = 2147483647;
			files = (
				81C6E8461D13B2E100EA259C /* bottle_pop_3.wav in Resources */,
				81FAB6031D128E9500663237 /* more@2x.png in Resources */,
				81C6E8481D13B43900EA259C /* what-2.wav in Resources */,
				81FAB6091D12A78700663237 /* woohoo.wav in Resources */,
				81FAB5FF1D128E9500663237 /* checkbox.png in Resources */,
				81C6E84E1D13CD2E00EA259C /* cutting-paper-2.mp3 in Resources */,
				81FAB6041D128E9500663237 /* more@3x.png in Resources */,
				81FAB5FE1D128E9500663237 /* check@3x.png in Resources */,
				81FAB5FC1D128E9500663237 /* check.png in Resources */,
				8196BF061D0FE7BF003F76D9 /* Assets.xcassets in Resources */,
				81FAB5FD1D128E9500663237 /* check@2x.png in Resources */,
				81FAB6011D128E9500663237 /* checkbox@3x.png in Resources */,
				81FAB6021D128E9500663237 /* more.png in Resources */,
				81FAB6001D128E9500663237 /* checkbox@2x.png in Resources */,
			);
			runOnlyForDeploymentPostprocessing = 0;
		};
/* End PBXResourcesBuildPhase section */

/* Begin PBXSourcesBuildPhase section */
		8196BEF41D0FE7BF003F76D9 /* Sources */ = {
			isa = PBXSourcesBuildPhase;
			buildActionMask = 2147483647;
			files = (
				81FAB5EE1D1285DF00663237 /* Record+CoreDataProperties.swift in Sources */,
				81FAB5F11D12861900663237 /* CoreDataConnect.swift in Sources */,
				8196BEFE1D0FE7BF003F76D9 /* ViewController.swift in Sources */,
				81FAB5EF1D1285DF00663237 /* Record.swift in Sources */,
				8196BF041D0FE7BF003F76D9 /* ToDo.xcdatamodeld in Sources */,
				81C6E8501D13D40300EA259C /* MoreViewController.swift in Sources */,
				81C6E84A1D13BAB900EA259C /* BaseViewController.swift in Sources */,
				81C6E8521D13DC5400EA259C /* ChechedRecordsViewController.swift in Sources */,
				8196BEFC1D0FE7BF003F76D9 /* AppDelegate.swift in Sources */,
			);
			runOnlyForDeploymentPostprocessing = 0;
		};
/* End PBXSourcesBuildPhase section */

/* Begin XCBuildConfiguration section */
		8196BF0B1D0FE7BF003F76D9 /* Debug */ = {
			isa = XCBuildConfiguration;
			buildSettings = {
				ALWAYS_SEARCH_USER_PATHS = NO;
				CLANG_ANALYZER_LOCALIZABILITY_NONLOCALIZED = YES;
				CLANG_ANALYZER_NONNULL = YES;
				CLANG_CXX_LANGUAGE_STANDARD = "gnu++0x";
				CLANG_CXX_LIBRARY = "libc++";
				CLANG_ENABLE_MODULES = YES;
				CLANG_ENABLE_OBJC_ARC = YES;
				CLANG_WARN_BLOCK_CAPTURE_AUTORELEASING = YES;
				CLANG_WARN_BOOL_CONVERSION = YES;
				CLANG_WARN_COMMA = YES;
				CLANG_WARN_CONSTANT_CONVERSION = YES;
				CLANG_WARN_DEPRECATED_OBJC_IMPLEMENTATIONS = YES;
				CLANG_WARN_DIRECT_OBJC_ISA_USAGE = YES_ERROR;
				CLANG_WARN_EMPTY_BODY = YES;
				CLANG_WARN_ENUM_CONVERSION = YES;
				CLANG_WARN_INFINITE_RECURSION = YES;
				CLANG_WARN_INT_CONVERSION = YES;
				CLANG_WARN_NON_LITERAL_NULL_CONVERSION = YES;
				CLANG_WARN_OBJC_IMPLICIT_RETAIN_SELF = YES;
				CLANG_WARN_OBJC_LITERAL_CONVERSION = YES;
				CLANG_WARN_OBJC_ROOT_CLASS = YES_ERROR;
				CLANG_WARN_RANGE_LOOP_ANALYSIS = YES;
				CLANG_WARN_STRICT_PROTOTYPES = YES;
				CLANG_WARN_SUSPICIOUS_MOVE = YES;
				CLANG_WARN_UNREACHABLE_CODE = YES;
				CLANG_WARN__DUPLICATE_METHOD_MATCH = YES;
				"CODE_SIGN_IDENTITY[sdk=iphoneos*]" = "iPhone Developer";
				COPY_PHASE_STRIP = NO;
				DEBUG_INFORMATION_FORMAT = dwarf;
				ENABLE_STRICT_OBJC_MSGSEND = YES;
				ENABLE_TESTABILITY = YES;
				GCC_C_LANGUAGE_STANDARD = gnu99;
				GCC_DYNAMIC_NO_PIC = NO;
				GCC_NO_COMMON_BLOCKS = YES;
				GCC_OPTIMIZATION_LEVEL = 0;
				GCC_PREPROCESSOR_DEFINITIONS = (
					"DEBUG=1",
					"$(inherited)",
				);
				GCC_WARN_64_TO_32_BIT_CONVERSION = YES;
				GCC_WARN_ABOUT_RETURN_TYPE = YES_ERROR;
				GCC_WARN_UNDECLARED_SELECTOR = YES;
				GCC_WARN_UNINITIALIZED_AUTOS = YES_AGGRESSIVE;
				GCC_WARN_UNUSED_FUNCTION = YES;
				GCC_WARN_UNUSED_VARIABLE = YES;
				IPHONEOS_DEPLOYMENT_TARGET = 10.0;
				MTL_ENABLE_DEBUG_INFO = YES;
				ONLY_ACTIVE_ARCH = YES;
				SDKROOT = iphoneos;
				SWIFT_OPTIMIZATION_LEVEL = "-Onone";
			};
			name = Debug;
		};
		8196BF0C1D0FE7BF003F76D9 /* Release */ = {
			isa = XCBuildConfiguration;
			buildSettings = {
				ALWAYS_SEARCH_USER_PATHS = NO;
				CLANG_ANALYZER_LOCALIZABILITY_NONLOCALIZED = YES;
				CLANG_ANALYZER_NONNULL = YES;
				CLANG_CXX_LANGUAGE_STANDARD = "gnu++0x";
				CLANG_CXX_LIBRARY = "libc++";
				CLANG_ENABLE_MODULES = YES;
				CLANG_ENABLE_OBJC_ARC = YES;
				CLANG_WARN_BLOCK_CAPTURE_AUTORELEASING = YES;
				CLANG_WARN_BOOL_CONVERSION = YES;
				CLANG_WARN_COMMA = YES;
				CLANG_WARN_CONSTANT_CONVERSION = YES;
				CLANG_WARN_DEPRECATED_OBJC_IMPLEMENTATIONS = YES;
				CLANG_WARN_DIRECT_OBJC_ISA_USAGE = YES_ERROR;
				CLANG_WARN_EMPTY_BODY = YES;
				CLANG_WARN_ENUM_CONVERSION = YES;
				CLANG_WARN_INFINITE_RECURSION = YES;
				CLANG_WARN_INT_CONVERSION = YES;
				CLANG_WARN_NON_LITERAL_NULL_CONVERSION = YES;
				CLANG_WARN_OBJC_IMPLICIT_RETAIN_SELF = YES;
				CLANG_WARN_OBJC_LITERAL_CONVERSION = YES;
				CLANG_WARN_OBJC_ROOT_CLASS = YES_ERROR;
				CLANG_WARN_RANGE_LOOP_ANALYSIS = YES;
				CLANG_WARN_STRICT_PROTOTYPES = YES;
				CLANG_WARN_SUSPICIOUS_MOVE = YES;
				CLANG_WARN_UNREACHABLE_CODE = YES;
				CLANG_WARN__DUPLICATE_METHOD_MATCH = YES;
				"CODE_SIGN_IDENTITY[sdk=iphoneos*]" = "iPhone Developer";
				COPY_PHASE_STRIP = NO;
				DEBUG_INFORMATION_FORMAT = "dwarf-with-dsym";
				ENABLE_NS_ASSERTIONS = NO;
				ENABLE_STRICT_OBJC_MSGSEND = YES;
				GCC_C_LANGUAGE_STANDARD = gnu99;
				GCC_NO_COMMON_BLOCKS = YES;
				GCC_WARN_64_TO_32_BIT_CONVERSION = YES;
				GCC_WARN_ABOUT_RETURN_TYPE = YES_ERROR;
				GCC_WARN_UNDECLARED_SELECTOR = YES;
				GCC_WARN_UNINITIALIZED_AUTOS = YES_AGGRESSIVE;
				GCC_WARN_UNUSED_FUNCTION = YES;
				GCC_WARN_UNUSED_VARIABLE = YES;
				IPHONEOS_DEPLOYMENT_TARGET = 10.0;
				MTL_ENABLE_DEBUG_INFO = NO;
				SDKROOT = iphoneos;
				SWIFT_OPTIMIZATION_LEVEL = "-Owholemodule";
				VALIDATE_PRODUCT = YES;
			};
			name = Release;
		};
		8196BF0E1D0FE7BF003F76D9 /* Debug */ = {
			isa = XCBuildConfiguration;
			buildSettings = {
				ASSETCATALOG_COMPILER_APPICON_NAME = AppIcon;
				ASSETCATALOG_COMPILER_LAUNCHIMAGE_NAME = LaunchImage;
				DEVELOPMENT_TEAM = 42G68NKSB6;
				INFOPLIST_FILE = ToDo/Info.plist;
				IPHONEOS_DEPLOYMENT_TARGET = 10.0;
				LD_RUNPATH_SEARCH_PATHS = "$(inherited) @executable_path/Frameworks";
				PRODUCT_BUNDLE_IDENTIFIER = tw.hsin.ToDo;
				PRODUCT_NAME = "$(TARGET_NAME)";
				SWIFT_SWIFT3_OBJC_INFERENCE = Default;
				SWIFT_VERSION = 5.0;
			};
			name = Debug;
		};
		8196BF0F1D0FE7BF003F76D9 /* Release */ = {
			isa = XCBuildConfiguration;
			buildSettings = {
				ASSETCATALOG_COMPILER_APPICON_NAME = AppIcon;
				ASSETCATALOG_COMPILER_LAUNCHIMAGE_NAME = LaunchImage;
				DEVELOPMENT_TEAM = 42G68NKSB6;
				INFOPLIST_FILE = ToDo/Info.plist;
				IPHONEOS_DEPLOYMENT_TARGET = 10.0;
				LD_RUNPATH_SEARCH_PATHS = "$(inherited) @executable_path/Frameworks";
				PRODUCT_BUNDLE_IDENTIFIER = tw.hsin.ToDo;
				PRODUCT_NAME = "$(TARGET_NAME)";
				SWIFT_SWIFT3_OBJC_INFERENCE = Default;
				SWIFT_VERSION = 5.0;
			};
			name = Release;
		};
/* End XCBuildConfiguration section */

/* Begin XCConfigurationList section */
		8196BEF31D0FE7BF003F76D9 /* Build configuration list for PBXProject "ToDo" */ = {
			isa = XCConfigurationList;
			buildConfigurations = (
				8196BF0B1D0FE7BF003F76D9 /* Debug */,
				8196BF0C1D0FE7BF003F76D9 /* Release */,
			);
			defaultConfigurationIsVisible = 0;
			defaultConfigurationName = Release;
		};
		8196BF0D1D0FE7BF003F76D9 /* Build configuration list for PBXNativeTarget "ToDo" */ = {
			isa = XCConfigurationList;
			buildConfigurations = (
				8196BF0E1D0FE7BF003F76D9 /* Debug */,
				8196BF0F1D0FE7BF003F76D9 /* Release */,
			);
			defaultConfigurationIsVisible = 0;
			defaultConfigurationName = Release;
		};
/* End XCConfigurationList section */

/* Begin XCVersionGroup section */
		8196BF021D0FE7BF003F76D9 /* ToDo.xcdatamodeld */ = {
			isa = XCVersionGroup;
			children = (
				8196BF031D0FE7BF003F76D9 /* ToDo.xcdatamodel */,
			);
			currentVersion = 8196BF031D0FE7BF003F76D9 /* ToDo.xcdatamodel */;
			path = ToDo.xcdatamodeld;
			sourceTree = "<group>";
			versionGroupType = wrapper.xcdatamodel;
		};
/* End XCVersionGroup section */
	};
	rootObject = 8196BEF01D0FE7BF003F76D9 /* Project object */;
}
